{"SurveyEntry":{"SurveyID":"SV_e3BQHbh2TrgvRgV","SurveyName":"YouthTruth 2015-16 State of Minnesota - Grades 3-6 - MASTER ","SurveyDescription":"YouthTruth 2013-14 State of Minnesota - Grades 3-6","SurveyOwnerID":"UR_2o5kSVAJAA7Mkqo","SurveyBrandID":"cep","DivisionID":null,"SurveyLanguage":"EN","SurveyActiveResponseSet":"RS_6sVaB9FxJxSdxGd","SurveyStatus":"Inactive","SurveyStartDate":"0000-00-00 00:00:00","SurveyExpirationDate":"0000-00-00 00:00:00","SurveyCreationDate":"2015-07-01 17:12:37","CreatorID":"UR_2o5kSVAJAA7Mkqo","LastModified":"2015-12-10 14:45:44","LastAccessed":"0000-00-00 00:00:00","LastActivated":"2015-10-07 14:56:18","Deleted":null},"SurveyElements":[{"SurveyID":"SV_e3BQHbh2TrgvRgV","Element":"BL","PrimaryAttribute":"Survey Blocks","SecondaryAttribute":null,"TertiaryAttribute":null,"Payload":{"1":{"Type":"Trash","Description":"Trash \/ Unused Questions","ID":"BL_elEhgN38F06q3go","BlockElements":[{"Type":"Question","QuestionID":"QID175"},{"Type":"Question","QuestionID":"QID490"},{"Type":"Question","QuestionID":"QID266"},{"Type":"Question","QuestionID":"QID402"},{"Type":"Question","QuestionID":"QID420"},{"Type":"Question","QuestionID":"QID421"},{"Type":"Question","QuestionID":"QID422"},{"Type":"Question","QuestionID":"QID423"},{"Type":"Question","QuestionID":"QID473"},{"Type":"Question","QuestionID":"QID424"},{"Type":"Question","QuestionID":"QID468"},{"Type":"Question","QuestionID":"QID173"}]},"19":{"Type":"Standard","Description":"tm verify","ID":"BL_5dpBcONj2SCskwR","BlockElements":[{"Type":"Question","QuestionID":"QID492"}]},"20":{"Type":"Standard","Description":"tm nodk","ID":"BL_1ABlIhnq0k2gjQ1","BlockElements":[{"Type":"Question","QuestionID":"QID265"}],"Options":{"BlockLocking":"false","RandomizeQuestions":"false","Looping":"Question","LoopingOptions":{"Locator":"q:\/\/QID492\/ChoiceGroup\/UnselectedChoicesForAnswer\/1","QID":"QID492","ChoiceGroupLocator":"q:\/\/QID492\/ChoiceGroup\/UnselectedChoicesForAnswer\/1","Static":{"1":{"2":"${e:\/\/Field\/teacherfirst1} ${e:\/\/Field\/teacherlast1}","3":"${e:\/\/Field\/coursename1}"},"2":{"2":"${e:\/\/Field\/teacherfirst2} ${e:\/\/Field\/teacherlast2}","3":"${e:\/\/Field\/coursename2}"},"3":{"2":"${e:\/\/Field\/teacherfirst3} ${e:\/\/Field\/teacherlast3}","3":"${e:\/\/Field\/coursename3}"},"4":{"2":"${e:\/\/Field\/teacherfirst4} ${e:\/\/Field\/teacherlast4}","3":"${e:\/\/Field\/coursename4}"},"5":{"2":"${e:\/\/Field\/teacherfirst5} ${e:\/\/Field\/teacherlast5}","3":"${e:\/\/Field\/coursename5}"},"6":{"2":"${e:\/\/Field\/teacherfirst6} ${e:\/\/Field\/teacherlast6}","3":"${e:\/\/Field\/coursename6}"},"7":{"2":"${e:\/\/Field\/teacherfirst7} ${e:\/\/Field\/teacherlast7}","3":"${e:\/\/Field\/coursename7}"},"8":{"2":"${e:\/\/Field\/teacherfirst8} ${e:\/\/Field\/teacherlast8}","3":"${e:\/\/Field\/coursename8}"},"9":{"2":"${e:\/\/Field\/teacherfirst9} ${e:\/\/Field\/teacherlast9}","3":"${e:\/\/Field\/coursename9}"},"10":{"2":"${e:\/\/Field\/teacherfirst10} ${e:\/\/Field\/teacherlast10}","3":"${e:\/\/Field\/coursename10}"}},"Randomization":"All"}}},"21":{"Type":"Standard","Description":"tm main","ID":"BL_4VL5viUZnGahJWJ","BlockElements":[{"Type":"Question","QuestionID":"QID256"},{"Type":"Page Break"},{"Type":"Question","QuestionID":"QID486"},{"Type":"Page Break"},{"Type":"Question","QuestionID":"QID487"},{"Type":"Page Break"},{"Type":"Question","QuestionID":"QID488"},{"Type":"Question","QuestionID":"QID491"}],"Options":{"BlockLocking":"false","RandomizeQuestions":"false","Looping":"Question","LoopingOptions":{"Locator":"q:\/\/QID492\/ChoiceGroup\/SelectedChoicesForAnswer\/1","QID":"QID492","ChoiceGroupLocator":"q:\/\/QID492\/ChoiceGroup\/SelectedChoicesForAnswer\/1","Static":{"1":{"2":"${e:\/\/Field\/teacherfirst1} ${e:\/\/Field\/teacherlast1}","3":"${e:\/\/Field\/coursename1}"},"2":{"2":"${e:\/\/Field\/teacherfirst2} ${e:\/\/Field\/teacherlast2}","3":"${e:\/\/Field\/coursename2}"},"3":{"2":"${e:\/\/Field\/teacherfirst3} ${e:\/\/Field\/teacherlast3}","3":"${e:\/\/Field\/coursename3}"},"4":{"2":"${e:\/\/Field\/teacherfirst4} ${e:\/\/Field\/teacherlast4}","3":"${e:\/\/Field\/coursename4}"},"5":{"2":"${e:\/\/Field\/teacherfirst5} ${e:\/\/Field\/teacherlast5}","3":"${e:\/\/Field\/coursename5}"},"6":{"2":"${e:\/\/Field\/teacherfirst6} ${e:\/\/Field\/teacherlast6}","3":"${e:\/\/Field\/coursename6}"},"7":{"2":"${e:\/\/Field\/teacherfirst7} ${e:\/\/Field\/teacherlast7}","3":"${e:\/\/Field\/coursename7}"},"8":{"2":"${e:\/\/Field\/teacherfirst8} ${e:\/\/Field\/teacherlast8}","3":"${e:\/\/Field\/coursename8}"},"9":{"2":"${e:\/\/Field\/teacherfirst9} ${e:\/\/Field\/teacherlast9}","3":"${e:\/\/Field\/coursename9}"},"10":{"2":"${e:\/\/Field\/teacherfirst10} ${e:\/\/Field\/teacherlast10}","3":"${e:\/\/Field\/coursename10}"}},"Randomization":"All"}}},"34":{"Type":"Standard","Description":"School Name Gatekeeper","ID":"BL_9tPSURlNRXzUGPP","BlockElements":[{"Type":"Question","QuestionID":"QID338","SkipLogic":[{"SkipLogicID":3,"ChoiceLocator":"q:\/\/QID338\/SelectableChoice\/1","Condition":"Selected","SkipToDestination":"ENDOFBLOCK","Locator":"q:\/\/QID338\/SelectableChoice\/1","SkipToDescription":"Do you attend&nbsp;${e:\/\/Fi... <strong>Yes<\/strong> Is <strong>Selected<\/strong>","Description":"If <strong title=\"Yes\">Yes<\/strong> Is <strong>Selected<\/strong>, Then Skip To <strong>End of Block<\/strong>","QuestionID":"QID338"}]},{"Type":"Question","QuestionID":"QID339","SkipLogic":[{"SkipLogicID":4,"ChoiceLocator":"q:\/\/QID339\/DisplayableQuestion\/1","Condition":"Displayed","SkipToDestination":"ENDOFSURVEY","Locator":"q:\/\/QID339\/ChoiceDisplayed","SkipToDescription":"<p style=\"text-align: cente... <strong>\n\tYou did not have the corr...<\/strong> Is <strong>Displayed<\/strong>","Description":"If <strong title=\"\n\tYou did not have the correct login code to take the survey. Please ask your...\">\n\tYou did not have the corr...<\/strong> Is <strong>Displayed<\/strong>, Then Skip To <strong>End of Survey<\/strong>","QuestionID":"QID339"}]}]},"38":{"Type":"Standard","Description":"introduction","ID":"BL_8BLo9O4jcX9HlL7","BlockElements":[{"Type":"Question","QuestionID":"QID399"},{"Type":"Question","QuestionID":"QID478"}]},"39":{"Type":"Standard","SubType":"","Description":"demographic questions","ID":"BL_8x1OeDf8pjQ70Kp","BlockElements":[{"Type":"Question","QuestionID":"QID493"},{"Type":"Page Break"},{"Type":"Question","QuestionID":"QID465"},{"Type":"Question","QuestionID":"QID466"}]},"40":{"Type":"Standard","SubType":"","Description":"Block 6","ID":"BL_bHESRK0OVDxH7St"},"41":{"Type":"Standard","SubType":"","Description":"ES PBL Questions","ID":"BL_eEeXbjtACdYOb8V","BlockElements":[{"Type":"Question","QuestionID":"QID494"},{"Type":"Question","QuestionID":"QID495"},{"Type":"Page Break"},{"Type":"Question","QuestionID":"QID496"},{"Type":"Question","QuestionID":"QID497"},{"Type":"Question","QuestionID":"QID498"}]},"42":{"Type":"Standard","SubType":"","Description":"ES STEM Questions","ID":"BL_bCOLvv23nFSA9g1","BlockElements":[{"Type":"Question","QuestionID":"QID499"},{"Type":"Question","QuestionID":"QID500"},{"Type":"Question","QuestionID":"QID501"},{"Type":"Page Break"},{"Type":"Question","QuestionID":"QID502"},{"Type":"Question","QuestionID":"QID503"}]},"43":{"Type":"Standard","SubType":"","Description":"ES Stu Mo Questions","ID":"BL_enVPOvJqnfQIgPb","BlockElements":[{"Type":"Question","QuestionID":"QID504"},{"Type":"Question","QuestionID":"QID505"},{"Type":"Question","QuestionID":"QID506"},{"Type":"Page Break"},{"Type":"Question","QuestionID":"QID507"},{"Type":"Page Break"},{"Type":"Question","QuestionID":"QID508"},{"Type":"Question","QuestionID":"QID509"}]}}},{"SurveyID":"SV_e3BQHbh2TrgvRgV","Element":"FL","PrimaryAttribute":"Survey Flow","SecondaryAttribute":null,"TertiaryAttribute":null,"Payload":{"Type":"Root","FlowID":"FL_1","Flow":[{"Type":"Standard","ID":"BL_8BLo9O4jcX9HlL7","FlowID":"FL_2"},{"Type":"Authenticator","FlowID":"FL_3","PanelData":{"LibraryID":"UR_2o5kSVAJAA7Mkqo","PanelID":"ML_3BNhWqJOeRjneU5","Type":"Expression","LogicType":"Panel"},"FieldData":{"0":{"0":{"PanelField":"RecipientExternalDataReference","fieldLabel":"Please enter your Login Code:\/Por favor ingrese su c\u00f3digo acceso:","Type":"Expression","LogicType":"EmbeddedField","Description":"<span class=\"ConjDesc\">If<\/span> <span class=\"QuestionDesc\"><\/span> <span class=\"LeftOpDesc\">undefined<\/span> Is <span class=\"OpDesc\">#undefined<\/span> "},"Type":"If"},"Type":"BooleanExpression"},"SSOOptions":{"Type":"Token","token":{"EncryptionMethod":"3DES","MacMethod":"MD5","Leeway":300},"ldap":{"Hostname":"ldap:\/\/","Port":"389","EmailField":"mail","Filter":"(sAMAccountName=%1)","FirstNameField":"givenname","LastNameField":"sn","ExternalDataReferenceField":""},"UsePanel":"Yes","UseSSO":"","cas":[],"respondentMap":[],"CaptureRespondentInfo":"No"},"Options":{"maxAttempts":"5","questionText":{"LibraryID":"UR_2o5kSVAJAA7Mkqo","MessageID":"MS_a9tkNEAiWrFr8kA"},"authenticationError":"Unable to log in with the information provided.","failedAuthenticationError":"Too many failed log in attempts. Click next to continue.","allowRetake":false,"loadExistingSession":true},"Flow":[{"Type":"EmbeddedData","FlowID":"FL_8","EmbeddedData":[{"Description":"StudentID","Type":"Recipient","Field":"StudentID","VariableType":"Nominal"},{"Description":"SchoolCode","Type":"Recipient","Field":"SchoolCode","VariableType":"Nominal"},{"Description":"School_Short","Type":"Recipient","Field":"School_Short","VariableType":"Nominal"},{"Description":"School_Name","Type":"Recipient","Field":"School_Name","VariableType":"Nominal"},{"Description":"FFT","Type":"Recipient","Field":"FFT","VariableType":"Nominal"},{"Description":"Linked","Type":"Recipient","Field":"Linked","VariableType":"Nominal"},{"Description":"linked_gender","Type":"Recipient","Field":"linked_gender","VariableType":"Nominal"},{"Description":"linked_ethnicity","Type":"Recipient","Field":"linked_ethnicity","VariableType":"Nominal"},{"Description":"linked_ell","Type":"Recipient","Field":"linked_ell","VariableType":"Nominal"},{"Description":"linked_frpl","Type":"Recipient","Field":"linked_frpl","VariableType":"Nominal"},{"Description":"linked_year","Type":"Recipient","Field":"linked_year","VariableType":"Nominal"},{"Description":"TeacherID1","Type":"Recipient","Field":"TeacherID1","VariableType":"Nominal"},{"Description":"teacherfirst1","Type":"Recipient","Field":"teacherfirst1","VariableType":"Nominal"},{"Description":"teacherlast1","Type":"Recipient","Field":"teacherlast1","VariableType":"Nominal"},{"Description":"subject1","Type":"Recipient","Field":"subject1","VariableType":"Nominal"},{"Description":"coursename1","Type":"Recipient","Field":"coursename1","VariableType":"Nominal"},{"Description":"section1","Type":"Recipient","Field":"section1","VariableType":"Nominal"},{"Description":"TeacherID2","Type":"Recipient","Field":"TeacherID2","VariableType":"Nominal"},{"Description":"teacherfirst2","Type":"Recipient","Field":"teacherfirst2","VariableType":"Nominal"},{"Description":"teacherlast2","Type":"Recipient","Field":"teacherlast2","VariableType":"Nominal"},{"Description":"subject2","Type":"Recipient","Field":"subject2","VariableType":"Nominal"},{"Description":"coursename2","Type":"Recipient","Field":"coursename2","VariableType":"Nominal"},{"Description":"section2","Type":"Recipient","Field":"section2","VariableType":"Nominal"}]},{"Type":"Standard","ID":"BL_9tPSURlNRXzUGPP","FlowID":"FL_9"},{"Type":"Standard","ID":"BL_5dpBcONj2SCskwR","FlowID":"FL_10"},{"Type":"Standard","ID":"BL_1ABlIhnq0k2gjQ1","FlowID":"FL_11"},{"Type":"Standard","ID":"BL_4VL5viUZnGahJWJ","FlowID":"FL_12"},{"Type":"Branch","FlowID":"FL_15","Description":"New Branch","BranchLogic":{"0":{"0":{"LogicType":"EmbeddedField","LeftOperand":"StudentMotiv","Operator":"EqualTo","RightOperand":"1","_HiddenExpression":false,"Type":"Expression","Description":"<span class=\"ConjDesc\">If<\/span> <span class=\"QuestionDesc\"><\/span> <span class=\"LeftOpDesc\">StudentMotiv<\/span> Is <span class=\"OpDesc\">Equal to<\/span> <span class=\"RightOpDesc\"> 1 <\/span>"},"Type":"If"},"Type":"BooleanExpression"},"Flow":[{"Type":"Standard","ID":"BL_enVPOvJqnfQIgPb","FlowID":"FL_7"}]},{"Type":"Branch","FlowID":"FL_16","Description":"New Branch","BranchLogic":{"0":{"0":{"LogicType":"EmbeddedField","LeftOperand":"PBL","Operator":"EqualTo","RightOperand":"1","_HiddenExpression":false,"Type":"Expression","Description":"<span class=\"ConjDesc\">If<\/span> <span class=\"QuestionDesc\"><\/span> <span class=\"LeftOpDesc\">PBL<\/span> Is <span class=\"OpDesc\">Equal to<\/span> <span class=\"RightOpDesc\"> 1 <\/span>"},"Type":"If"},"Type":"BooleanExpression"},"Flow":[{"Type":"Standard","ID":"BL_eEeXbjtACdYOb8V","FlowID":"FL_5"}]},{"Type":"Branch","FlowID":"FL_17","Description":"New Branch","BranchLogic":{"0":{"0":{"LogicType":"EmbeddedField","LeftOperand":"STEM","Operator":"EqualTo","RightOperand":"1","_HiddenExpression":false,"Type":"Expression","Description":"<span class=\"ConjDesc\">If<\/span> <span class=\"QuestionDesc\"><\/span> <span class=\"LeftOpDesc\">STEM<\/span> Is <span class=\"OpDesc\">Equal to<\/span> <span class=\"RightOpDesc\"> 1 <\/span>"},"Type":"If"},"Type":"BooleanExpression"},"Flow":[{"Type":"Standard","ID":"BL_bCOLvv23nFSA9g1","FlowID":"FL_6"}]},{"Type":"Standard","ID":"BL_8x1OeDf8pjQ70Kp","FlowID":"FL_13"},{"Type":"EndSurvey","FlowID":"FL_14","EndingType":"Advanced","Options":{"Advanced":"true","SurveyTermination":"DisplayMessage","EOSMessageLibrary":"UR_2o5kSVAJAA7Mkqo","EOSMessage":"MS_3P2drwheGqeMH7T"}}]}],"Properties":{"Count":17}}},{"SurveyID":"SV_e3BQHbh2TrgvRgV","Element":"SO","PrimaryAttribute":"Survey Options","SecondaryAttribute":null,"TertiaryAttribute":null,"Payload":{"BackButton":"true","SaveAndContinue":"false","SurveyProtection":"PublicSurvey","BallotBoxStuffingPrevention":"false","OneCompletePerIP":"false","SurveyExpiration":null,"SurveyTermination":"DisplayMessage","Header":"<p style=\"text-align: center; \">\n\t<img src=\"https:\/\/cep.us.qualtrics.com\/CP\/Graphic.php?IM=IM_3Fcb9q6KwmOirZj\" style=\"width: 600px; height: 146px;\" \/><\/p>\n","Footer":"<img src=\"https:\/\/cep.co1.qualtrics.com\/CP\/Graphic.php?IM=IM_0BSebwISLSQfhBz\" style=\"width: 1023px; height: 754px;\" \/>","ProgressBarDisplay":"None","PartialData":"+1 week","ValidationMessage":null,"PreviousButton":"Back","NextButton":"Next","SkinLibrary":"Qualtrics","SkinType":"MQ","Skin":"Boxes3d","ExternalCSS":null,"CustomStyles":{"errorStyles":{"selector":".Skin .ValidationError","styles":{"color":null,"backgroundColor":null,"borderColor":null}},"errorStylesBG":{"selector":".Skin .HeaderValidationError, .Skin .HeaderValidationError li a","styles":{"color":null,"backgroundColor":null}},"pageStyles":{"selector":"#SurveyEngineBody","styles":{"backgroundColor":null}},"textStyles":{"selector":".SkinInner","styles":{"fontFamily":"","fontSize":"","fontWeight":null,"fontStyle":null,"textDecoration":null,"color":"rgb(35, 64, 106)"}},"questionStyles":{"selector":".Skin .QuestionText","styles":{"fontFamily":"","fontSize":"","fontWeight":"normal","fontStyle":"normal","textDecoration":"none","color":"rgb(35, 64, 106)"}},"choiceStyles":{"selector":".Skin .horizontalbar th.ylabel, .Skin .Matrix table td, .Skin .Matrix table th, .Skin .Matrix table thead th, .Skin .Matrix table thead td, .Skin .PGR .DragAndDrop .Items label, .Skin .QuestionBody ul.ChoiceStructure, .Skin .PGR .DragAndDrop .Group ul, .Skin .PGR .DragAndDrop .Group h2, .Skin .PGR .DragAndDrop .Items ul, .Skin .PGR .DragAndDrop .Items h2, .Skin .DD .QuestionBody table.ChoiceStructure, .Skin .PGR .DragAndDrop .NoColumns td.groupsContainerTd div ul, .Skin .PGR .DragAndDrop .NoColumns td.groupsContainerTd div h2, .Skin .SBS thead th, .Skin .SBS td, .Skin .SBS .Answers td, .Skin .SBS .Answers th, .SBS table.ChoiceStructure, .Skin .horizontalbar thead table.LabelDescriptions tr td, .Skin .horizontalbar thead tr td.NotApplicable, .QuestionBody th, .Skin .QuestionBody .MC .MAVR label, .Skin .QuestionBody .MC .SAVR label, .Skin .SBS thead th, .Skin .SBS td, .Skin .RO .DND ul li, .Skin .reg, .SkinInner .ChoiceStructure, .Skin thead, .Skin .GAP .ChoiceStructure thead th, .Skin .GAP .ChoiceStructure .c4, .Skin .GAP .ChoiceStructure th, .Skin .GAP .ChoiceStructure .WhyText, .SkinInner .ChoiceStructure .LightBG, .Skin .QuestionOuter.Highlight .Inner .reg, .Skin .QuestionOuter.Highlight .Inner .alt, .Skin .QuestionOuter.Highlight .Inner .ReadableAlt       ","styles":{"fontFamily":"","fontSize":"12pt","fontWeight":"normal","fontStyle":"normal","textDecoration":"none","color":"rgb(35, 64, 106)"}},"headerStyles":{"selector":".Skin div#Header","styles":{"color":null}},"footerStyles":{"selector":".Skin #Footer","styles":{"color":null}},"questionSeparatorStyles":{"selector":".Skin .Separator","styles":{"backgroundColor":null,"display":"block"}},"highlightStyles":{"selector":".Skin .QuestionOuter.Highlight .Inner, .Skin .QuestionOuter.Highlight .Inner .reg, .Skin .QuestionOuter.Highlight .Inner .alt, .Skin .QuestionOuter.Highlight .Inner .ReadableAlt","styles":{"backgroundColor":null}},"highlightStylesAlt":{"selector":".Skin .QuestionOuter.Highlight .Inner .ReadableAlt, .Skin .QuestionOuter.Highlight .Inner .LightBG","styles":{"backgroundColor":null}},"textEntryStyles":{"selector":".Skin select, .Skin .InputText","styles":{"color":"rgb(35, 64, 106)"}},"borderStyles":{"selector":".Skin .CS .horizontalbar table.sliderGrid tr.xlabel th, .Skin .CS .horizontalbar .ylabel, .Skin .CS .horizontalbar table.sliderGrid tr td.value, .Skin .Slider .horizontalbar table.sliderGrid tr.xlabel th, .Skin .BorderColor, .Skin .DarkBorderColor, .Skin .Slider .horizontalbar table.sliderGrid tr td.value, .Skin thead, .Skin .GAP .ChoiceStructure thead th  ","styles":{"borderColor":"rgb(248, 244, 215)"}},"altRowStyles":{"selector":".Skin .ReadableAlt, .Skin .LightBG","styles":{"backgroundColor":null}},"customCSS":"\/* Place your CSS here *\/\n#ytlogo {\npadding-top:50px;\npadding-right:50px;\npadding-left:50px;\n}\n\n.Skin #PreviousButton, .Skin #NextButton {\n    background: #222 url(http:\/\/ytip.youthtruthsurvey.org\/graphics\/overlay.png) repeat-x;\n    background-color: #1e60ab;\n    display: inline-block;\n\/*    padding: 5px 10px 6px;*\/\n    color: #fff;\n    text-decoration: none;\n    -moz-border-radius: 6px;  \n    -webkit-border-radius: 6px;\n    -moz-box-shadow: 0 1px 3px rgba(0,0,0,0.6);\n    -webkit-box-shadow: 0 1px 3px rgba(0,0,0,0.6);\n    border: none;\n    border-radius: 6px;\n    border-bottom: 1px solid rgba(0,0,0,0.25);\n    position: relative;\n    cursor: pointer;\n  font-size: 34px;\n  padding: 8px 14px 9px;\n}\n\n.Skin #PreviousButton:hover, .Skin #NextButton:hover {\n  background-color:#2981e4;\n}\n\n.Skin #SkinContent #Buttons {\n  text-align:center;\n  min-width:100px;\n}\n\n.QuestionChoice {\n  font-size: 12px;\n}\n\n.Skin #SkinContent .AuthenticationPanel .QuestionText {\n  margin-left:auto;\n  margin-right:auto;\n  font-weight: normal;\n  text-align: center;\n  padding: 20px 20px 20px;\n  width:840px;\n}\n\n.Skin #SkinContent .AuthenticationPanel .TE .ChoiceStructure .Medium {\nheight: 28px;\nfont-size: 28px;\n}\n.Skin #SkinContent .AuthenticationPanel .QuestionBody .ChoiceStructure td{\n  width: 50%;\n}\n.Skin #SkinContent .AuthenticationPanel .QuestionBody .ChoiceStructure .LabelWrapper{\nfont-size: 16px;\n  display: inline-block;\nwidth: 100%;\ntext-align: right;\n}\n  \n  fieldset {\ndisplay: block;\nborder: 0px groove threedface !important;\n}\n\n.Skin #SkinContent .QuestionText {\nfont-size: 16pt;\n\/* font-weight: bold;*\/\n}"},"libraryId":"UR_2o5kSVAJAA7Mkqo","nextButtonMid":"MS_1TYNWirMtRHXf9i","previousButtonMid":"MS_ePRHyXyECSuwSag","headerMid":"","footerMid":"","QuestionsPerPage":"","HighlightQuestions":"off","SpellChecked":0,"ValidationMessageLibrary":null,"EOSMessage":"MS_3P2drwheGqeMH7T","ShowExportTags":"false","SurveyTitle":"YouthTruth Minnesota Survey","SurveyMetaDescription":"YouthTruth Student School Survey","PasswordProtection":"No","AnonymizeResponse":"No","Password":"","RefererCheck":"No","NoIndex":"No","RefererURL":"http:\/\/","EOSMessageLibrary":"UR_2o5kSVAJAA7Mkqo","EOSRedirectURL":"http:\/\/www.youthtruthsurvey.org\/","EmailThankYou":"false","ThankYouEmailMessageLibrary":null,"ThankYouEmailMessage":null,"ValidateMessage":"false","InactiveSurvey":"DefaultMessage","InactiveMessageLibrary":"","InactiveMessage":"","AvailableLanguages":{"EN":[],"ES":[]},"SkinQuestionWidth":700,"SurveyCreationDate":"2012-12-13 15:49:38","NewScoring":1,"ProtectSelectionIds":true,"CollectGeoLocation":"false"}},{"SurveyID":"SV_e3BQHbh2TrgvRgV","Element":"SCO","PrimaryAttribute":"Scoring","SecondaryAttribute":null,"TertiaryAttribute":null,"Payload":{"ScoringCategories":[],"ScoringCategoryGroups":[],"ScoringSummaryCategory":null,"ScoringSummaryAfterQuestions":false,"ScoringSummaryAfterSurvey":false,"NextCategoryId":1,"NextGroupId":1,"DefaultScoringCategory":null,"ID":"Scoring"}},{"SurveyID":"SV_e3BQHbh2TrgvRgV","Element":"STAT","PrimaryAttribute":"Survey Statistics","SecondaryAttribute":null,"TertiaryAttribute":null,"Payload":{"MobileCompatible":true,"ID":"Survey Statistics"}},{"SurveyID":"SV_e3BQHbh2TrgvRgV","Element":"QC","PrimaryAttribute":"Survey Question Count","SecondaryAttribute":"509","TertiaryAttribute":null,"Payload":null},{"SurveyID":"SV_e3BQHbh2TrgvRgV","Element":"SQ","PrimaryAttribute":"QID175","SecondaryAttribute":"Are you a...","TertiaryAttribute":null,"Payload":{"QuestionText":"Are you a...","QuestionType":"MC","Selector":"SAVR","SubSelector":"TX","Configuration":{"QuestionDescriptionOption":"UseText"},"QuestionDescription":"Are you a...","Choices":{"1":{"Display":"Boy"},"2":{"Display":"Girl"},"3":{"Display":"Skip this question"}},"ChoiceOrder":[1,2,3],"Validation":{"Settings":{"ForceResponse":"OFF","ForceResponseType":"ON","Type":"None"}},"Language":{"ES":{"QuestionText":"Eres\u2026","Choices":{"1":{"Display":"Hombre"},"2":{"Display":"Mujer"},"3":{"Display":"Marque aqu\u00ed si no quieres responder esta pregunta"}}}},"RecodeValues":{"1":1,"2":2,"3":"99"},"QuestionText_Unsafe":"3. Are you...","QuestionText_Safe":"3. Are you...","DataExportTag":"e_gender","QuestionID":"QID175"}},{"SurveyID":"SV_e3BQHbh2TrgvRgV","Element":"SQ","PrimaryAttribute":"QID490","SecondaryAttribute":"Are you a...","TertiaryAttribute":null,"Payload":{"QuestionText":"Are you a...","DataExportTag":"e_gender","QuestionType":"MC","Selector":"SAVR","SubSelector":"TX","Configuration":{"QuestionDescriptionOption":"UseText"},"QuestionDescription":"Are you a...","Choices":{"1":{"Display":"Boy"},"2":{"Display":"Girl"},"3":{"Display":"Skip this question"}},"ChoiceOrder":[1,2,3],"Validation":{"Settings":{"ForceResponse":"OFF","ForceResponseType":"ON","Type":"None"}},"RecodeValues":{"1":1,"2":2,"3":"99"},"Language":{"ES":{"QuestionText":"Are you a...","Choices":{"1":{"Display":"Boy"},"2":{"Display":"Girl"},"3":{"Display":"Skip this question"}}}},"QuestionID":"QID490"}},{"SurveyID":"SV_e3BQHbh2TrgvRgV","Element":"SQ","PrimaryAttribute":"QID493","SecondaryAttribute":"Are you a...","TertiaryAttribute":null,"Payload":{"QuestionText":"Are you a...","DataExportTag":"e_gender","QuestionType":"MC","Selector":"SAVR","SubSelector":"TX","Configuration":{"QuestionDescriptionOption":"UseText"},"QuestionDescription":"Are you a...","Choices":{"1":{"Display":"Boy"},"2":{"Display":"Girl"},"3":{"Display":"Skip this question"}},"ChoiceOrder":[1,2,3],"Validation":{"Settings":{"ForceResponse":"OFF","ForceResponseType":"ON","Type":"None"}},"RecodeValues":{"1":1,"2":2,"3":"99"},"Language":{"ES":{"QuestionText":"Eres\u2026","Choices":{"1":{"Display":"Hombre"},"2":{"Display":"Mujer"},"3":{"Display":"Marque aqu\u00ed si no quieres responder esta pregunta"}}}},"QuestionID":"QID493"}},{"SurveyID":"SV_e3BQHbh2TrgvRgV","Element":"SQ","PrimaryAttribute":"QID338","SecondaryAttribute":"attend","TertiaryAttribute":null,"Payload":{"QuestionText":"Do you go to ${e:\/\/Field\/School_Name}?","DataExportTag":"e_attend","QuestionType":"MC","Selector":"SAVR","SubSelector":"TX","Configuration":{"QuestionDescriptionOption":"SpecifyLabel"},"QuestionDescription":"attend","Choices":{"1":{"Display":"Yes"},"2":{"Display":"No"}},"ChoiceOrder":[1,2],"Validation":{"Settings":{"ForceResponse":"ON","ForceResponseType":"ON","Type":"None"}},"RecodeValues":{"1":1,"2":"0"},"Language":{"ES":{"QuestionText":"Do you go to ${e:\/\/Field\/School_Name}?","Choices":{"1":{"Display":"Yes"},"2":{"Display":"No"}}}},"QuestionID":"QID338"}},{"SurveyID":"SV_e3BQHbh2TrgvRgV","Element":"SQ","PrimaryAttribute":"QID496","SecondaryAttribute":"\u00a0","TertiaryAttribute":null,"Payload":{"QuestionText":"<div>&nbsp;<\/div>","DefaultChoices":false,"QuestionType":"Matrix","Selector":"Likert","SubSelector":"SingleAnswer","Configuration":{"QuestionDescriptionOption":"UseText","TextPosition":"inline","ChoiceColumnWidth":25,"ChoiceColumnWidthPixels":429,"RepeatHeaders":"none","WhiteSpace":"OFF"},"QuestionDescription":"\u00a0","Choices":{"3":{"Display":"Can you figure out how to solve problems even if you haven\u2019t been taught how?"},"4":{"Display":"Does what you learn in school make you think about what you want to do when you grow up?"},"5":{"Display":"Does doing projects with other students make you a better student? (For example, you get better grades and understand more.)"}},"ChoiceOrder":[3,4,5],"Randomization":{"Type":"None","Advanced":null,"EvenPresentation":false,"TotalRandSubset":""},"Validation":{"Settings":{"ForceResponse":"OFF","ForceResponseType":"ON","Type":"None"}},"RecodeValues":{"1":"3","2":2,"4":"1"},"GradingData":[],"Language":{"ES":{"QuestionText":"<div style=\"text-align: center;\">&nbsp;<\/div>","Choices":{"3":{"Display":"\u00bfPuedes determinar c\u00f3mo resolver problemas incluso si no te han ense\u00f1ado c\u00f3mo?"},"4":{"Display":"\u00bfLo que aprendes en la escuela te hace pensar en lo que quieres hacer cuando crezcas?"},"5":{"Display":"\u00bfConsideras que el hacer proyectos con otros alumnos te hacen un mejor estudiante?"}},"Answers":{"1":{"Display":"S\u00ed mucho"},"2":{"Display":"A veces"},"4":{"Display":"No, para nada"}}}},"Answers":{"1":{"Display":"Yes, very much"},"2":{"Display":"Sometimes"},"4":{"Display":"No, not at all"}},"AnswerOrder":[1,2,"4"],"ChoiceDataExportTags":{"3":"e_pbl_figure","4":"e_pbl_growup","5":"e_pbl_better"},"QuestionText_Unsafe":"<div>&nbsp;<\/div>","DataExportTag":"Q496","QuestionID":"QID496"}},{"SurveyID":"SV_e3BQHbh2TrgvRgV","Element":"SQ","PrimaryAttribute":"QID497","SecondaryAttribute":"\u00a0","TertiaryAttribute":null,"Payload":{"QuestionText":"<div>&nbsp;<\/div>","DefaultChoices":false,"QuestionType":"Matrix","Selector":"Likert","SubSelector":"SingleAnswer","Configuration":{"QuestionDescriptionOption":"UseText","TextPosition":"inline","ChoiceColumnWidth":25,"ChoiceColumnWidthPixels":429,"RepeatHeaders":"none","WhiteSpace":"OFF"},"QuestionDescription":"\u00a0","Choices":{"3":{"Display":"Does your teacher give you examples that relate to what you learn in other subjects?"},"4":{"Display":"Does your teacher give you examples that relate to life outside of school?"},"5":{"Display":"Do you use what you learn in one subject to solve problems in other subjects?"},"6":{"Display":"Do you use what you learn in class to solve problems outside of school?"}},"ChoiceOrder":[3,4,5,"6"],"Randomization":{"Type":"None","Advanced":null,"EvenPresentation":false,"TotalRandSubset":""},"Validation":{"Settings":{"ForceResponse":"OFF","ForceResponseType":"ON","Type":"None"}},"RecodeValues":{"1":"3","2":2,"4":"1"},"GradingData":[],"Language":{"ES":{"QuestionText":"<div style=\"text-align: center;\">&nbsp;<\/div>","Choices":{"3":{"Display":"\u00bfTu profesor(a) te da ejemplos que se relacionan a lo que aprendes en otras asignaturas?"},"4":{"Display":"\u00bfTu profesor(a) te da ejemplos que se relacionan a tu vida fuera de la escuela?"},"5":{"Display":"\u00bfUtilizas lo que aprendes en una materia para resolver problemas en otras asignaturas?"},"6":{"Display":"\u00bfUtilizas lo que aprendes en clase para resolver problemas fuera de la escuela?"}},"Answers":{"1":{"Display":"S\u00ed mucho"},"2":{"Display":"A veces"},"4":{"Display":"No, para nada"}}}},"Answers":{"1":{"Display":"Yes, very much"},"2":{"Display":"Sometimes"},"4":{"Display":"No, not at all"}},"AnswerOrder":[1,2,"4"],"ChoiceDataExportTags":{"3":"e_pbl_interdis","4":"e_pbl_relevant","5":"e_pbl_useoth","6":"e_pbl_useout"},"QuestionText_Unsafe":"<div>&nbsp;<\/div>","DataExportTag":"Q497","QuestionID":"QID497"}},{"SurveyID":"SV_e3BQHbh2TrgvRgV","Element":"SQ","PrimaryAttribute":"QID500","SecondaryAttribute":"\u00a0","TertiaryAttribute":null,"Payload":{"QuestionText":"<div>&nbsp;<\/div>","DefaultChoices":false,"QuestionType":"Matrix","Selector":"Likert","SubSelector":"SingleAnswer","Configuration":{"QuestionDescriptionOption":"UseText","TextPosition":"inline","ChoiceColumnWidth":25,"ChoiceColumnWidthPixels":429,"RepeatHeaders":"none","WhiteSpace":"OFF"},"QuestionDescription":"\u00a0","Choices":{"3":{"Display":"Have people who use math or science in their jobs visited your school?"},"4":{"Display":"Have you gone on field trips, to summer camps, or to after-school activities where you learned about math or science?"},"5":{"Display":"Have you ever worked on a project for a math or science fair?"},"6":{"Display":"Do your teachers make connections between what you learn in different subjects?"}},"ChoiceOrder":[3,4,5,6],"Randomization":{"Type":"None","Advanced":null,"EvenPresentation":false,"TotalRandSubset":""},"Validation":{"Settings":{"ForceResponse":"OFF","ForceResponseType":"ON","Type":"None"}},"RecodeValues":{"1":"1","2":"0","3":"88"},"GradingData":[],"Language":{"ES":{"QuestionText":"<div style=\"text-align: center;\">&nbsp;<\/div>","Choices":{"3":{"Display":"\u00bfHan visitado tu escuela personas que usan matem\u00e1ticas o ciencias en sus trabajos?"},"4":{"Display":"\u00bfHas participado en excursiones, campamentos de verano o actividades extracurriculates donde aprendiste sobre matem\u00e1ticas o ciencias?"},"5":{"Display":"\u00bfHas trabajado en un proyecto para una feria de ciencias o matem\u00e1ticas?"},"6":{"Display":"\u00bfTus profesores hacen conexiones entre lo que aprendes en diferentes asignaturas?"}},"Answers":{"1":{"Display":"S\u00ed"},"2":{"Display":"No"},"3":{"Display":"No estoy seguro(a)"}}}},"Answers":{"1":{"Display":"Yes"},"2":{"Display":"No"},"3":{"Display":"I'm not sure"}},"AnswerOrder":[1,2,3],"ChoiceDataExportTags":{"3":"e_stem_visit","4":"e_stem_excurr","5":"e_stem_fair","6":"e_stem_connect"},"QuestionText_Unsafe":"<div>&nbsp;<\/div>","DataExportTag":"Q500","QuestionID":"QID500"}},{"SurveyID":"SV_e3BQHbh2TrgvRgV","Element":"SQ","PrimaryAttribute":"QID501","SecondaryAttribute":"\u00a0","TertiaryAttribute":null,"Payload":{"QuestionText":"<div>&nbsp;<\/div>","DefaultChoices":false,"QuestionType":"Matrix","Selector":"Likert","SubSelector":"SingleAnswer","Configuration":{"QuestionDescriptionOption":"UseText","TextPosition":"inline","ChoiceColumnWidth":25,"ChoiceColumnWidthPixels":429,"RepeatHeaders":"none","WhiteSpace":"OFF"},"QuestionDescription":"\u00a0","Choices":{"3":{"Display":"When you grow up, would you like to have a job in science, engineering, math, or technology?"},"4":{"Display":"Would you still take math or science classes \u2013 or both \u2013 even if you didn\u2019t have to?"}},"ChoiceOrder":[3,4],"Randomization":{"Type":"None","Advanced":null,"EvenPresentation":false,"TotalRandSubset":""},"Validation":{"Settings":{"ForceResponse":"OFF","ForceResponseType":"ON","Type":"None"}},"RecodeValues":{"1":"1","2":"0","3":"88"},"GradingData":[],"Language":{"ES":{"QuestionText":"<div style=\"text-align: center;\">&nbsp;<\/div>","Choices":{"3":{"Display":"Cuando crezcas, \u00bfte gustar\u00eda tener un trabajo en ciencias, ingenier\u00eda, matem\u00e1ticas o tecnolog\u00eda?"},"4":{"Display":"\u00bfSeguir\u00edas tomando clases de matem\u00e1ticas o ciencias \u2014 o ambas \u2014 si no tuvieras que tomarlas?"}},"Answers":{"1":{"Display":"S\u00ed"},"2":{"Display":"No"},"3":{"Display":"No estoy seguro(a)"}}}},"Answers":{"1":{"Display":"Yes"},"2":{"Display":"No"},"3":{"Display":"I'm not sure"}},"AnswerOrder":[1,2,3],"ChoiceDataExportTags":{"3":"e_stem_job","4":"e_stem_int"},"QuestionText_Unsafe":"<div>&nbsp;<\/div>","DataExportTag":"Q501","QuestionID":"QID501"}},{"SurveyID":"SV_e3BQHbh2TrgvRgV","Element":"SQ","PrimaryAttribute":"QID505","SecondaryAttribute":"\u00a0","TertiaryAttribute":null,"Payload":{"QuestionText":"<div>&nbsp;<\/div>","DefaultChoices":false,"QuestionType":"Matrix","Selector":"Likert","SubSelector":"SingleAnswer","Configuration":{"QuestionDescriptionOption":"UseText","TextPosition":"inline","ChoiceColumnWidth":25,"ChoiceColumnWidthPixels":429,"RepeatHeaders":"none","WhiteSpace":"OFF"},"QuestionDescription":"\u00a0","Choices":{"3":{"Display":"Do you care about how much your classmates learn?"},"4":{"Display":"During class, do you explain how you work out problems to other kids?"},"5":{"Display":"Do you help other kids in class when they don't know what to do?"}},"ChoiceOrder":[3,4,5],"Randomization":{"Type":"None","Advanced":null,"EvenPresentation":false,"TotalRandSubset":""},"Validation":{"Settings":{"ForceResponse":"OFF","ForceResponseType":"ON","Type":"None"}},"RecodeValues":{"1":"3","2":"2","3":"1"},"GradingData":[],"Language":{"ES":{"QuestionText":"<div style=\"text-align: center;\">&nbsp;<\/div>","Choices":{"3":{"Display":"\u00bfTe importa que tanto aprenden tus compa\u00f1eros de clase?"},"4":{"Display":"\u00bfDurante tus clases, le explicas a tus compa\u00f1eros c\u00f3mo resuelves problemas?"},"5":{"Display":"\u00bfAyudas a tus compa\u00f1eros de clase cuando no saben qu\u00e9 hacer?"}},"Answers":{"1":{"Display":"S\u00ed mucho"},"2":{"Display":"A veces"},"3":{"Display":"No, para nada"}}}},"Answers":{"1":{"Display":"Yes, very much"},"2":{"Display":"Sometimes"},"3":{"Display":"No, not at all"}},"AnswerOrder":[1,2,3],"ChoiceDataExportTags":{"3":"e_som_care","4":"e_som_expl","5":"e_som_help"},"QuestionText_Unsafe":"<div>&nbsp;<\/div>","DataExportTag":"Q505","QuestionID":"QID505"}},{"SurveyID":"SV_e3BQHbh2TrgvRgV","Element":"SQ","PrimaryAttribute":"QID506","SecondaryAttribute":"\u00a0","TertiaryAttribute":null,"Payload":{"QuestionText":"<div>&nbsp;<\/div>","DefaultChoices":false,"QuestionType":"Matrix","Selector":"Likert","SubSelector":"SingleAnswer","Configuration":{"QuestionDescriptionOption":"UseText","TextPosition":"inline","ChoiceColumnWidth":25,"ChoiceColumnWidthPixels":429,"RepeatHeaders":"none","WhiteSpace":"OFF"},"QuestionDescription":"\u00a0","Choices":{"3":{"Display":"Can you concentrate in class?"},"4":{"Display":"Can you remember things you learn in school?"},"5":{"Display":"Can you make yourself do schoolwork, even if someone else isn\u2019t telling you to?"}},"ChoiceOrder":[3,4,5],"Randomization":{"Type":"None","Advanced":null,"EvenPresentation":false,"TotalRandSubset":""},"Validation":{"Settings":{"ForceResponse":"OFF","ForceResponseType":"ON","Type":"None"}},"RecodeValues":{"1":"3","2":"2","3":"1"},"GradingData":[],"Language":{"ES":{"QuestionText":"<div style=\"text-align: center;\">&nbsp;<\/div>","Choices":{"3":{"Display":"\u00bfPuedes concentrarte en clase?"},"4":{"Display":"\u00bfPuedes recordar las cosas que aprendes en la escuela?"},"5":{"Display":"\u00bfPuedes hacer tus tareas, aun si alguien no te est\u00e1 diciendo que debes hacerlas?"}},"Answers":{"1":{"Display":"S\u00ed mucho"},"2":{"Display":"A veces"},"3":{"Display":"No, para nada"}}}},"Answers":{"1":{"Display":"Yes, very much"},"2":{"Display":"Sometimes"},"3":{"Display":"No, not at all"}},"AnswerOrder":[1,2,3],"ChoiceDataExportTags":{"3":"e_som_conc","4":"e_som_remem","5":"e_som_init"},"QuestionText_Unsafe":"<div>&nbsp;<\/div>","DataExportTag":"Q506","QuestionID":"QID506"}},{"SurveyID":"SV_e3BQHbh2TrgvRgV","Element":"SQ","PrimaryAttribute":"QID508","SecondaryAttribute":"\u00a0","TertiaryAttribute":null,"Payload":{"QuestionText":"<div>&nbsp;<\/div>","DefaultChoices":false,"QuestionType":"Matrix","Selector":"Likert","SubSelector":"SingleAnswer","Configuration":{"QuestionDescriptionOption":"UseText","TextPosition":"inline","ChoiceColumnWidth":25,"ChoiceColumnWidthPixels":334,"RepeatHeaders":"none","WhiteSpace":"OFF"},"QuestionDescription":"\u00a0","Choices":{"3":{"Display":"New ideas and projects sometimes distract me from previous ones"},"4":{"Display":"Problems don\u2019t discourage me. I get over disappointments faster than most people"},"5":{"Display":"Sometimes I am very focused on a certain idea, but later lose interest"},"6":{"Display":"I am a hard worker"},"7":{"Display":"I often set a goal, but later set a different goal"},"8":{"Display":"If a project takes too long, I get bored"},"9":{"Display":"I finish what I start"},"10":{"Display":"I am careful in my work"}},"ChoiceOrder":[3,4,5,"6","7","8","9","10"],"Randomization":{"Type":"None","Advanced":null,"EvenPresentation":false,"TotalRandSubset":""},"Validation":{"Settings":{"ForceResponse":"OFF","ForceResponseType":"ON","Type":"None"}},"RecodeValues":{"1":"1","2":2,"4":"3","5":"4","6":"5"},"GradingData":[],"Language":{"ES":{"QuestionText":"<div style=\"text-align: center;\">&nbsp;<\/div>","Choices":{"3":{"Display":"Las ideas y proyectos nuevos me distraen de los anteriores"},"4":{"Display":"Los problemas no me desalientan. Puedo superar decepciones m\u00e1s r\u00e1pido que la mayor\u00eda de las personas."},"5":{"Display":"A veces me centro mucho en una idea, pero luego pierdo inter\u00e9s"},"6":{"Display":"Yo soy muy trabajador(a)"},"7":{"Display":"Frecuentemente establezco una meta, pero luego establezco otra meta diferente"},"8":{"Display":"Si un proyecto dura demasiado, me aburro"},"9":{"Display":"Termino lo que empiezo"},"10":{"Display":"Yo soy cuidadoso con mi trabajo"}},"Answers":{"1":{"Display":"Para nada como yo"},"2":{"Display":"No mucho como yo"},"4":{"Display":"Un poco como yo"},"5":{"Display":"Bastante como yo"},"6":{"Display":"Completamente como yo"}}}},"Answers":{"1":{"Display":"Not like me at all"},"2":{"Display":"Not much like me"},"4":{"Display":"Somewhat like me"},"5":{"Display":"Mostly like me"},"6":{"Display":"Very much like me"}},"AnswerOrder":[1,2,"4","5","6"],"ChoiceDataExportTags":{"3":"e_grit_distract","4":"e_grit_bounce","5":"e_grit_loseint","6":"e_grit_work","7":"e_grit_change","8":"e_grit_bored","9":"e_grit_finish","10":"e_grit_careful"},"QuestionText_Unsafe":"<div>&nbsp;<\/div>","DataExportTag":"Q508","QuestionID":"QID508"}},{"SurveyID":"SV_e3BQHbh2TrgvRgV","Element":"SQ","PrimaryAttribute":"QID502","SecondaryAttribute":"\u00a0How often do you...","TertiaryAttribute":null,"Payload":{"QuestionText":"<div>&nbsp;How often do you...<\/div>","DefaultChoices":false,"QuestionType":"Matrix","Selector":"Likert","SubSelector":"SingleAnswer","Configuration":{"QuestionDescriptionOption":"UseText","TextPosition":"inline","ChoiceColumnWidth":25,"ChoiceColumnWidthPixels":429,"RepeatHeaders":"none","WhiteSpace":"OFF"},"QuestionDescription":"\u00a0How often do you...","Choices":{"3":{"Display":"Do hands-on projects in school to learn more about math or science?"},"4":{"Display":"Use things like computers or iPads <u>in school<\/u>?"},"5":{"Display":"Use things like computers or iPads <u>outside of school<\/u>?"}},"ChoiceOrder":[3,4,5],"Randomization":{"Type":"None","Advanced":null,"EvenPresentation":false,"TotalRandSubset":""},"Validation":{"Settings":{"ForceResponse":"OFF","ForceResponseType":"ON","Type":"None"}},"RecodeValues":{"1":"3","2":2,"4":"1"},"GradingData":[],"Language":{"ES":{"QuestionText":"<p><span style=\"font-family:arial,helvetica,sans-serif;\"><span style=\"font-size:22px;\"><span lang=\"ES-DO\">Con qu&eacute; frecuencia...<\/span><\/span><\/span><span lang=\"ES-DO\" style=\"font-size:11.0pt;\nmso-ansi-language:ES-DO\"><o:p><\/o:p><\/span><\/p>","Choices":{"3":{"Display":"\u00bfHaces proyectos manuales en la escuela para aprender m\u00e1s sobre matem\u00e1ticas o ciencias?"},"4":{"Display":"\u00bfUsas cosas como computadoras o iPads en la escuela?"},"5":{"Display":"\u00bfUsas cosas como computadoras o iPads fuera de la escuela?"}},"Answers":{"1":{"Display":"Mucho"},"2":{"Display":"A veces"},"4":{"Display":"No mucho"}}}},"Answers":{"1":{"Display":"A lot"},"2":{"Display":"Sometimes"},"4":{"Display":"Not very much"}},"AnswerOrder":[1,2,"4"],"ChoiceDataExportTags":{"3":"e_stem_handson","4":"e_stem_techin","5":"e_stem_techout"},"QuestionText_Unsafe":"<div>&nbsp;How often do you...<\/div>","DataExportTag":"Q502","QuestionID":"QID502"}},{"SurveyID":"SV_e3BQHbh2TrgvRgV","Element":"CJ","PrimaryAttribute":"CJ_6gnVtEaEH687Bxq","SecondaryAttribute":"Conjoint","TertiaryAttribute":null,"Payload":{"Type":"SelfExplicated","Description":"Conjoint","DisplayOption":"Importance","DataExportTag":"CJ1","QuestionType":"Conjoint","T_FeatureElemenation":"Is ANY FEATURE LEVEL SO UNACCEPTABLE that ALL OPTIONS CONTAINING THAT LEVEL WOULD BE REJECTED, NO MATTER HOW ATTRACTIVE THE OPTION ON ALL OTHER FEATURES? In other words, with this feature level present, the option just doesn't work for you... and would NEVER, EVER, EVER be considered. It would be better for you to go totally without this product or service than have one with this feature level.","T_MostandLeastPreferred":"Please select your most preferred and least preferred for each set shown below:","T_PreferenceMostandLeast":"Considering the concepts you've just seen, please indicate your preference for the following:","T_ImportancesConstSum":"In the previous questions, you rated the following as your most preferred. Please allocate 100 percentage points showing the relative importance of each:","T_UpgradeConstSum":"Assume you are upgrading...please allocate 100 percentage points showing the relative importance of each upgrade:","DisplayOneAtATime":false,"Features":{"1":{"Attributes":{"1":"Enter Attribute Here"},"Name":"Enter Feature Name"},"2":{"Attributes":{"1":"Enter Attribute Here"},"Name":"Enter Feature Name"}},"ID":"CJ_6gnVtEaEH687Bxq","Remove":"0"}},{"SurveyID":"SV_e3BQHbh2TrgvRgV","Element":"RS","PrimaryAttribute":"RS_6sVaB9FxJxSdxGd","SecondaryAttribute":"Default Response Set","TertiaryAttribute":null,"Payload":null},{"SurveyID":"SV_e3BQHbh2TrgvRgV","Element":"SQ","PrimaryAttribute":"QID507","SecondaryAttribute":"Do you agree or disagree?","TertiaryAttribute":null,"Payload":{"QuestionText":"<div>Do you agree or disagree?<\/div>","DefaultChoices":false,"QuestionType":"Matrix","Selector":"Likert","SubSelector":"SingleAnswer","Configuration":{"QuestionDescriptionOption":"UseText","TextPosition":"inline","ChoiceColumnWidth":25,"ChoiceColumnWidthPixels":429,"RepeatHeaders":"none","WhiteSpace":"OFF"},"QuestionDescription":"Do you agree or disagree?","Choices":{"3":{"Display":"My teachers believe I can succeed if I try"},"4":{"Display":"I know what it takes to get good grades in school"},"5":{"Display":"I believe I can learn new things, but I can\u2019t really change how smart I am"}},"ChoiceOrder":[3,4,5],"Randomization":{"Type":"None","Advanced":null,"EvenPresentation":false,"TotalRandSubset":""},"Validation":{"Settings":{"ForceResponse":"OFF","ForceResponseType":"ON","Type":"None"}},"RecodeValues":{"1":"3","2":2,"4":"1"},"GradingData":[],"Language":{"ES":{"QuestionText":"<p><span style=\"font-size:22px;\"><span style=\"font-family:arial,helvetica,sans-serif;\"><span lang=\"ES-DO\">&iquest;Est&aacute;s de acuerdo o en desacuerdo?<\/span><\/span><\/span><span lang=\"ES-DO\" style=\"font-size:11.0pt;\nmso-ansi-language:ES-DO\"><o:p><\/o:p><\/span><\/p>","Choices":{"3":{"Display":"Mis profesores creen que puedo tener \u00e9xito si lo intento"},"4":{"Display":"S\u00e9 lo que se necesita para obtener buenas calificaciones en la escuela"},"5":{"Display":"Creo que puedo aprender cosas nuevas, pero realmente no puedo cambiar lo inteligente que soy"}},"Answers":{"1":{"Display":"Estoy de acuerdo"},"2":{"Display":"No estoy seguro(a)"},"4":{"Display":"No estoy de acuerdo"}}}},"Answers":{"1":{"Display":"Agree"},"2":{"Display":"Not sure"},"4":{"Display":"Disagree"}},"AnswerOrder":[1,2,"4"],"ChoiceDataExportTags":{"3":"e_som_tchblv","4":"e_som_grades","5":"e_som_lrn"},"QuestionText_Unsafe":"<div>Do you agree or disagree?<\/div>","DataExportTag":"Q507","QuestionID":"QID507"}},{"SurveyID":"SV_e3BQHbh2TrgvRgV","Element":"SQ","PrimaryAttribute":"QID256","SecondaryAttribute":"engage","TertiaryAttribute":null,"Payload":{"QuestionText":"<div style=\"text-align: center;\">Please answer the following questions about&nbsp;<strong>${lm:\/\/Field\/2}<\/strong> in&nbsp;<strong>${lm:\/\/Field\/3}<\/strong>.<\/div>","DefaultChoices":false,"DataExportTag":"environ","QuestionType":"Matrix","Selector":"Likert","SubSelector":"SingleAnswer","Configuration":{"QuestionDescriptionOption":"SpecifyLabel","TextPosition":"inline","ChoiceColumnWidth":25,"ChoiceColumnWidthPixels":429,"RepeatHeaders":"none","WhiteSpace":"OFF","MobileFirst":false},"QuestionDescription":"engage","Choices":{"1":{"Display":"I understand the rules and I can follow them."},"3":{"Display":"Our class stays busy and does not waste time."},"4":{"Display":"In this class, students help each other learn."},"5":{"Display":"In this class, I learn a lot."}},"ChoiceOrder":["1","3","4","5"],"Randomization":{"Type":"None","Advanced":null,"EvenPresentation":false,"TotalRandSubset":""},"Validation":{"Settings":{"ForceResponse":"OFF","ForceResponseType":"ON","Type":"None"}},"RecodeValues":{"1":"1","2":"2","3":"3","4":"4","5":"5"},"GradingData":[],"Language":{"ES":{"QuestionText":"<div style=\"text-align: center;\">Please answer the following questions about&nbsp;<strong>${lm:\/\/Field\/2}&nbsp;<\/strong>in&nbsp;<strong>${lm:\/\/Field\/3}<\/strong>.<\/div>","Choices":{"1":{"Display":"I understand the rules and I can follow them."},"3":{"Display":"Our class stays busy and does not waste time."},"4":{"Display":"In this class, students help each other learn."}},"Answers":{"1":{"Display":"<div style=\"text-align: center;\">Totally untrue<br \/>\n1<\/div>\n"},"2":{"Display":"<div style=\"text-align: center;\">Mostly untrue<br \/>\n2<\/div>\n"},"3":{"Display":"<div style=\"text-align: center;\">Somewhat<br \/>\n3<\/div>\n"},"4":{"Display":"<div style=\"text-align: center;\">Mostly true<br \/>\n4<\/div>\n"}}}},"Answers":{"1":{"Display":"<div style=\"text-align: center;\">Totally untrue<br \/>\n1<\/div>\n"},"2":{"Display":"<div style=\"text-align: center;\">Mostly untrue<br \/>\n2<\/div>\n"},"3":{"Display":"<div style=\"text-align: center;\">Somewhat<br \/>\n3<\/div>\n"},"4":{"Display":"<div style=\"text-align: center;\">Mostly true<br \/>\n4<\/div>\n"},"5":{"Display":"<div style=\"text-align: center;\">Totally true<br \/>\n5<\/div>\n"}},"AnswerOrder":[1,2,3,"4","5"],"ChoiceDataExportTags":{"1":"e_mn_rules","3":"e_mn_classbusy","4":"e_mn_studhelp","5":"e_mn_learnlot"},"QuestionID":"QID256"}},{"SurveyID":"SV_e3BQHbh2TrgvRgV","Element":"SQ","PrimaryAttribute":"QID173","SecondaryAttribute":"grade","TertiaryAttribute":null,"Payload":{"QuestionText":"What grade are you in? <em>(please check only one)<\/em>","QuestionType":"MC","Selector":"SAVR","SubSelector":"TX","Configuration":{"QuestionDescriptionOption":"SpecifyLabel"},"QuestionDescription":"grade","Choices":{"1":{"Display":"3rd","DisplayLogic":{"0":{"0":{"LogicType":"EmbeddedField","LeftOperand":"3rd","Operator":"EqualTo","RightOperand":"1","_HiddenExpression":false,"Type":"Expression","Description":"<span class=\"ConjDesc\">If<\/span> <span class=\"QuestionDesc\"><\/span> <span class=\"LeftOpDesc\">3rd<\/span> Is <span class=\"OpDesc\">Equal to<\/span> <span class=\"RightOpDesc\"> 1 <\/span>"},"Type":"If"},"Type":"BooleanExpression","inPage":false}},"2":{"Display":"4th","DisplayLogic":{"0":{"0":{"LogicType":"EmbeddedField","LeftOperand":"4th","Operator":"EqualTo","RightOperand":"1","_HiddenExpression":false,"Type":"Expression","Description":"<span class=\"ConjDesc\">If<\/span> <span class=\"QuestionDesc\"><\/span> <span class=\"LeftOpDesc\">4th<\/span> Is <span class=\"OpDesc\">Equal to<\/span> <span class=\"RightOpDesc\"> 1 <\/span>"},"Type":"If"},"Type":"BooleanExpression","inPage":false}},"3":{"Display":"5th","DisplayLogic":{"0":{"0":{"LogicType":"EmbeddedField","LeftOperand":"5th","Operator":"EqualTo","RightOperand":"1","_HiddenExpression":false,"Type":"Expression","Description":"<span class=\"ConjDesc\">If<\/span> <span class=\"QuestionDesc\"><\/span> <span class=\"LeftOpDesc\">5th<\/span> Is <span class=\"OpDesc\">Equal to<\/span> <span class=\"RightOpDesc\"> 1 <\/span>"},"Type":"If"},"Type":"BooleanExpression","inPage":false}},"4":{"Display":"6th","DisplayLogic":{"0":{"0":{"LogicType":"EmbeddedField","LeftOperand":"6th","Operator":"EqualTo","RightOperand":"1","_HiddenExpression":false,"Type":"Expression","Description":"<span class=\"ConjDesc\">If<\/span> <span class=\"QuestionDesc\"><\/span> <span class=\"LeftOpDesc\">6th<\/span> Is <span class=\"OpDesc\">Equal to<\/span> <span class=\"RightOpDesc\"> 1 <\/span>"},"Type":"If"},"Type":"BooleanExpression","inPage":false}}},"ChoiceOrder":[1,2,3,"4"],"Validation":{"Settings":{"ForceResponse":"OFF","ForceResponseType":"ON","Type":"None"}},"Language":{"ES":{"QuestionText":"What grade are you in?&nbsp;<em>(please check only one)<\/em>","Choices":{"1":{"Display":"3rd"},"2":{"Display":"4th"},"3":{"Display":"5th"},"4":{"Display":"6th"}}}},"RecodeValues":{"1":"3","2":"4","3":"5","4":"6"},"QuestionText_Unsafe":"1. What grade are you in? <em>(please check only one)<\/em>","QuestionText_Safe":"1. What grade are you in? <em>(please check only one)<\/em>","DataExportTag":"e_grade","QuestionID":"QID173"}},{"SurveyID":"SV_e3BQHbh2TrgvRgV","Element":"SQ","PrimaryAttribute":"QID495","SecondaryAttribute":"How much do you do these things in your classes?","TertiaryAttribute":null,"Payload":{"QuestionText":"<div>How much do you do these things in your classes?<\/div>","DefaultChoices":false,"QuestionType":"Matrix","Selector":"Likert","SubSelector":"SingleAnswer","Configuration":{"QuestionDescriptionOption":"UseText","TextPosition":"inline","ChoiceColumnWidth":25,"ChoiceColumnWidthPixels":429,"RepeatHeaders":"none","WhiteSpace":"OFF"},"QuestionDescription":"How much do you do these things in your classes?","Choices":{"3":{"Display":"Talk with other students about problems that exist in the real world"},"4":{"Display":"Think about different ways to solve a problem"},"5":{"Display":"Choose what kinds of projects you would like to work on"},"6":{"Display":"Work on hands-on projects with other students"},"7":{"Display":"Keep working on a first draft of a project to make it better"},"8":{"Display":"Present projects to your class"}},"ChoiceOrder":[3,4,5,6,"7","8"],"Randomization":{"Type":"None","Advanced":null,"EvenPresentation":false,"TotalRandSubset":""},"Validation":{"Settings":{"ForceResponse":"OFF","ForceResponseType":"ON","Type":"None"}},"RecodeValues":{"1":"3","2":2,"3":"1"},"GradingData":[],"Language":{"ES":{"QuestionText":"<p><span style=\"font-size:19px;\"><strong><span lang=\"ES-DO\" style=\"font-family: Symbol;\"><span style=\"font-stretch: normal; font-family: 'Times New Roman';\">&nbsp; <span style=\"font-family:arial,helvetica,sans-serif;\">&nbsp; &nbsp;<\/span><\/span><\/span><span style=\"font-family:arial,helvetica,sans-serif;\"><span lang=\"ES-DO\">&iquest;Qu&eacute; tanto haces estas cosas en tus clases?&nbsp;<\/span><\/span><\/strong><\/span><span lang=\"ES-DO\" style=\"font-size:11.0pt;\nmso-ansi-language:ES-DO\"><o:p><\/o:p><\/span><\/p>","Choices":{"3":{"Display":"Hablar con otros estudiantes acerca de los problemas que existen en el mundo"},"4":{"Display":"Pensar en diferentes formas de resolver un problema"},"5":{"Display":"Elegir en qu\u00e9 tipo de proyectos te gustar\u00eda trabajar"},"6":{"Display":"Trabajar en proyectos manuales con otros estudiantes"},"7":{"Display":"Continuar trabajando en la primera versi\u00f3n de un proyecto para mejorarlo"},"8":{"Display":"Presentar proyectos en clase"}},"Answers":{"1":{"Display":"Mucho"},"2":{"Display":"A veces"},"3":{"Display":"No mucho"}}}},"Answers":{"1":{"Display":"A lot"},"2":{"Display":"Sometimes"},"3":{"Display":"Not very much"}},"AnswerOrder":[1,2,3],"ChoiceDataExportTags":{"3":"e_pbl_real","4":"e_pbl_solve","5":"e_pbl_choose","6":"e_pbl_handson","7":"e_pbl_draft","8":"e_pbl_present"},"QuestionText_Unsafe":"<div>How much do you do these things in your classes?<\/div>","DataExportTag":"Q495","QuestionID":"QID495"}},{"SurveyID":"SV_e3BQHbh2TrgvRgV","Element":"SQ","PrimaryAttribute":"QID339","SecondaryAttribute":"incorrect","TertiaryAttribute":null,"Payload":{"QuestionText":"<p style=\"text-align: center;\">You did not have the correct login code to take the survey. Please ask your teacher for more instructions. The survey will end here.<\/p>","QuestionJS":"Qualtrics.SurveyEngine.addOnload(function()\n{\n\/*Place Your Javascript Below This Line*\/\n\nvar backButton = 'Back';\nvar nextButton = 'End Survey';\n\nif ($('PreviousButton').nodeName == 'INPUT')\n{\n$('PreviousButton').setValue(backButton);\n}\nelse if ($('PreviousButtonText').nodeName == 'SPAN')\n{\n$('PreviousButtonText').innerHTML = backButton;\n}\nelse \/\/ previous button is probably a button\n{\n$('PreviousButton').innerHTML = backButton;\n}\n  \nif ($('NextButton').nodeName == 'INPUT')\n{\n$('NextButton').setValue(nextButton);\n}\nelse if ($('NextButtonText').nodeName == 'SPAN')\n{\n$('NextButtonText').innerHTML = nextButton;\n}\nelse \/\/ next button is probably a button\n{\n$('NextButton').innerHTML = nextButton;\n}\n});","DefaultChoices":false,"DataExportTag":"e_incorrct","QuestionType":"DB","Selector":"TB","Configuration":{"QuestionDescriptionOption":"SpecifyLabel"},"QuestionDescription":"incorrect","ChoiceOrder":[],"Validation":{"Settings":{"Type":"None"}},"GradingData":[],"Language":{"ES":{"QuestionText":"<p style=\"text-align: center;\">You did not have the correct login code to take the survey. Please ask your teacher for more instructions. The survey will end here.<\/p>"}},"QuestionID":"QID339"}},{"SurveyID":"SV_e3BQHbh2TrgvRgV","Element":"SQ","PrimaryAttribute":"QID486","SecondaryAttribute":"Please answer the following questions\n about\u00a0${lm:\/\/Field\/2}\u00a0in\u00a0${lm:\/\/Field\/3}.","TertiaryAttribute":null,"Payload":{"QuestionText":"<div style=\"text-align: center;\">Please answer the following questions about&nbsp;<strong>${lm:\/\/Field\/2}<\/strong>&nbsp;in&nbsp;<strong>${lm:\/\/Field\/3}<\/strong>.<\/div>","DefaultChoices":false,"DataExportTag":"learning","QuestionType":"Matrix","Selector":"Likert","SubSelector":"SingleAnswer","Configuration":{"QuestionDescriptionOption":"UseText","TextPosition":"inline","ChoiceColumnWidth":25,"ChoiceColumnWidthPixels":429,"RepeatHeaders":"none","WhiteSpace":"OFF","MobileFirst":false},"QuestionDescription":"Please answer the following questions\n about\u00a0${lm:\/\/Field\/2}\u00a0in\u00a0${lm:\/\/Field\/3}.","Choices":{"1":{"Display":"This teacher asks questions to be sure we understand."},"3":{"Display":"This teacher helps us remember what we just learned."},"4":{"Display":"This teacher tells me I can do well if I work hard."},"5":{"Display":"The work in this class helps me learn."}},"ChoiceOrder":["1","3","4","5"],"Randomization":{"Type":"None","Advanced":null,"EvenPresentation":false,"TotalRandSubset":""},"Validation":{"Settings":{"ForceResponse":"OFF","ForceResponseType":"ON","Type":"None"}},"RecodeValues":{"1":"1","2":"2","3":"3","4":"4","5":"5"},"GradingData":[],"Language":{"ES":{"QuestionText":"<div style=\"text-align: center;\">Please answer the following questions about&nbsp;<strong>${lm:\/\/Field\/2}<\/strong>&nbsp;in&nbsp;<strong>${lm:\/\/Field\/3}<\/strong>.<\/div>","Choices":{"1":{"Display":"This teacher asks questions to be sure we understand."},"3":{"Display":"This teacher helps us remember what we just learned."},"4":{"Display":"This teacher tells me I can do well if I work hard."}},"Answers":{"1":{"Display":"<div style=\"text-align: center;\">Totally untrue<br \/>\n1<\/div>\n"},"2":{"Display":"<div style=\"text-align: center;\">Mostly untrue<br \/>\n2<\/div>\n"},"3":{"Display":"<div style=\"text-align: center;\">Somewhat<br \/>\n3<\/div>\n"}}}},"Answers":{"1":{"Display":"<div style=\"text-align: center;\">Totally untrue<br \/>\n1<\/div>\n"},"2":{"Display":"<div style=\"text-align: center;\">Mostly untrue<br \/>\n2<\/div>\n"},"3":{"Display":"<div style=\"text-align: center;\">Somewhat<br \/>\n3<\/div>\n"},"4":{"Display":"<div style=\"text-align: center;\">Mostly true<br \/>\n4<\/div>\n"},"5":{"Display":"<div style=\"text-align: center;\">Totally true<br \/>\n5<\/div>\n"}},"AnswerOrder":[1,2,3,"4","5"],"ChoiceDataExportTags":{"1":"e_mn_askqns","3":"e_mn_remem","4":"e_mn_dowell","5":"e_mn_hw"},"QuestionID":"QID486"}},{"SurveyID":"SV_e3BQHbh2TrgvRgV","Element":"SQ","PrimaryAttribute":"QID487","SecondaryAttribute":"Please answer the following questions\n about\u00a0${lm:\/\/Field\/2}\u00a0in\u00a0${lm:\/\/Field\/3}.","TertiaryAttribute":null,"Payload":{"QuestionText":"<div style=\"text-align: center;\">Please answer the following questions about&nbsp;<strong>${lm:\/\/Field\/2}<\/strong>&nbsp;in&nbsp;<strong>${lm:\/\/Field\/3}<\/strong>.<\/div>","DefaultChoices":false,"DataExportTag":"rltshp","QuestionType":"Matrix","Selector":"Likert","SubSelector":"SingleAnswer","Configuration":{"QuestionDescriptionOption":"UseText","TextPosition":"inline","ChoiceColumnWidth":25,"ChoiceColumnWidthPixels":429,"RepeatHeaders":"none","WhiteSpace":"OFF","MobileFirst":false},"QuestionDescription":"Please answer the following questions\n about\u00a0${lm:\/\/Field\/2}\u00a0in\u00a0${lm:\/\/Field\/3}.","Choices":{"1":{"Display":"This teacher expects us to work our hardest."},"3":{"Display":"This teacher cares about me."}},"ChoiceOrder":["1","3"],"Randomization":{"Type":"None","Advanced":null,"EvenPresentation":false,"TotalRandSubset":""},"Validation":{"Settings":{"ForceResponse":"OFF","ForceResponseType":"ON","Type":"None"}},"RecodeValues":{"1":"1","2":"2","3":"3","4":"4","5":"5"},"GradingData":[],"Language":{"ES":{"QuestionText":"<div style=\"text-align: center;\">Please answer the following questions about&nbsp;<strong>${lm:\/\/Field\/2}<\/strong>&nbsp;in&nbsp;<strong>${lm:\/\/Field\/3}<\/strong>.<\/div>","Choices":{"1":{"Display":"This teacher expects us to work our hardest."},"3":{"Display":"This teacher cares about me."}},"Answers":{"1":{"Display":"<div style=\"text-align: center;\">Totally untrue<br \/>\n1<\/div>\n"},"2":{"Display":"<div style=\"text-align: center;\">Mostly untrue<br \/>\n2<\/div>\n"},"3":{"Display":"<div style=\"text-align: center;\">Somewhat<br \/>\n3<\/div>\n"}}}},"Answers":{"1":{"Display":"<div style=\"text-align: center;\">Totally untrue<br \/>\n1<\/div>\n"},"2":{"Display":"<div style=\"text-align: center;\">Mostly untrue<br \/>\n2<\/div>\n"},"3":{"Display":"<div style=\"text-align: center;\">Somewhat<br \/>\n3<\/div>\n"},"4":{"Display":"<div style=\"text-align: center;\">Mostly true<br \/>\n4<\/div>\n"},"5":{"Display":"<div style=\"text-align: center;\">Totally true<br \/>\n5<\/div>\n"}},"AnswerOrder":[1,2,3,"4","5"],"ChoiceDataExportTags":{"1":"e_mn_wntwrk","3":"e_mn_cares"},"QuestionID":"QID487"}},{"SurveyID":"SV_e3BQHbh2TrgvRgV","Element":"SQ","PrimaryAttribute":"QID488","SecondaryAttribute":"Please answer the following questions\n about\u00a0${lm:\/\/Field\/2}\u00a0in\u00a0${lm:\/\/Field\/3}.","TertiaryAttribute":null,"Payload":{"QuestionText":"<div style=\"text-align: center;\">Please answer the following questions about&nbsp;<strong>${lm:\/\/Field\/2}<\/strong>&nbsp;in&nbsp;<strong>${lm:\/\/Field\/3}<\/strong>.<\/div>","DefaultChoices":false,"DataExportTag":"rapport","QuestionType":"Matrix","Selector":"Likert","SubSelector":"SingleAnswer","Configuration":{"QuestionDescriptionOption":"UseText","TextPosition":"inline","ChoiceColumnWidth":25,"ChoiceColumnWidthPixels":429,"RepeatHeaders":"none","WhiteSpace":"OFF","MobileFirst":false},"QuestionDescription":"Please answer the following questions\n about\u00a0${lm:\/\/Field\/2}\u00a0in\u00a0${lm:\/\/Field\/3}.","Choices":{"1":{"Display":"This teacher asks me about life at home."},"3":{"Display":"This teacher treats me fairly."},"4":{"Display":"I like coming to this class most of the time."},"5":{"Display":"What I learn in this class helps me outside of school."}},"ChoiceOrder":["1","3","4","5"],"Randomization":{"Type":"None","Advanced":null,"EvenPresentation":false,"TotalRandSubset":""},"Validation":{"Settings":{"ForceResponse":"OFF","ForceResponseType":"ON","Type":"None"}},"RecodeValues":{"1":"1","2":"2","3":"3","4":"4","5":"5"},"GradingData":[],"Language":{"ES":{"QuestionText":"<div style=\"text-align: center;\">Please answer the following questions about&nbsp;<strong>${lm:\/\/Field\/2}<\/strong>&nbsp;in&nbsp;<strong>${lm:\/\/Field\/3}<\/strong>.<\/div>","Choices":{"1":{"Display":"This teacher asks me about life at home."},"3":{"Display":"This teacher treats me fairly."}},"Answers":{"1":{"Display":"<div style=\"text-align: center;\">Totally untrue<br \/>\n1<\/div>\n"},"2":{"Display":"<div style=\"text-align: center;\">Mostly untrue<br \/>\n2<\/div>\n"},"3":{"Display":"<div style=\"text-align: center;\">Somewhat<br \/>\n3<\/div>\n"}}}},"Answers":{"1":{"Display":"<div style=\"text-align: center;\">Totally untrue<br \/>\n1<\/div>\n"},"2":{"Display":"<div style=\"text-align: center;\">Mostly untrue<br \/>\n2<\/div>\n"},"3":{"Display":"<div style=\"text-align: center;\">Somewhat<br \/>\n3<\/div>\n"},"4":{"Display":"<div style=\"text-align: center;\">Mostly true<br \/>\n4<\/div>\n"},"5":{"Display":"<div style=\"text-align: center;\">Totally true<br \/>\n5<\/div>\n"}},"AnswerOrder":[1,2,3,"4","5"],"ChoiceDataExportTags":{"1":"e_mn_home","3":"e_mn_fair","4":"e_mn_like","5":"e_mn_relevant"},"QuestionID":"QID488"}},{"SurveyID":"SV_e3BQHbh2TrgvRgV","Element":"SQ","PrimaryAttribute":"QID465","SecondaryAttribute":"Thank you for taking the YouthTruth Survey!\n\n \u00a0\n\n Please click Submit.","TertiaryAttribute":null,"Payload":{"QuestionText":"<div style=\"text-align: center;\">\n\tThank you for taking the YouthTruth Survey!<\/div>\n<div style=\"text-align: center;\">\n\t&nbsp;<\/div>\n<div style=\"text-align: center;\">\n\tPlease click Submit.<\/div>","QuestionJS":"Qualtrics.SurveyEngine.addOnload(function()\n{\n\/*Place Your Javascript Below This Line*\/\nvar newName = 'Submit';\nif ($('NextButton').nodeName == 'INPUT')\n{\n$('NextButton').setValue(newName);\n}\nelse if ($('NextButtonText').nodeName == 'SPAN')\n{\n$('NextButtonText').innerHTML = newName;\n}\nelse \/\/ next button is probably a button\n{\n$('NextButton').innerHTML = newName;\n}\n});","DefaultChoices":false,"DataExportTag":"endmsg","QuestionType":"MC","Selector":"SAVR","SubSelector":"TX","Configuration":{"QuestionDescriptionOption":"UseText"},"QuestionDescription":"Thank you for taking the YouthTruth Survey!\n\n \u00a0\n\n Please click Submit.","Choices":[],"ChoiceOrder":[],"Validation":{"Settings":{"ForceResponse":"OFF","ForceResponseType":"ON","Type":"None"}},"GradingData":[],"Language":{"ES":{"QuestionText":"<div>\n<p style=\"text-align: center;\">Thank you for taking the YouthTruth Survey!<\/p><p style=\"text-align: center;\"><br><\/p><p style=\"text-align: center;\">Please click Submit.<\/p>\n<\/div>"}},"QuestionID":"QID465","DisplayLogic":{"0":{"0":{"LogicType":"EmbeddedField","LeftOperand":"SurveyLanguage","Operator":"NotEqualTo","RightOperand":"ES","_HiddenExpression":false,"Type":"Expression","Description":"<span class=\"ConjDesc\">If<\/span> <span class=\"QuestionDesc\"><\/span> <span class=\"LeftOpDesc\">SurveyLanguage<\/span> Is <span class=\"OpDesc\">Not Equal to<\/span> <span class=\"RightOpDesc\"> ES <\/span>"},"Type":"If"},"Type":"BooleanExpression","inPage":false}}},{"SurveyID":"SV_e3BQHbh2TrgvRgV","Element":"SQ","PrimaryAttribute":"QID466","SecondaryAttribute":"Thank you for taking the YouthTruth Survey!\n\n \u00a0\n\n Please click Submit.","TertiaryAttribute":null,"Payload":{"QuestionText":"<div style=\"text-align: center;\"><strong>Thank you for taking the YouthTruth Survey!<\/strong><\/div>\n\n<div>&nbsp;<\/div>\n\n<div style=\"text-align: center;\"><strong>Please click Submit.<\/strong><\/div>","QuestionJS":"Qualtrics.SurveyEngine.addOnload(function()\n{\n\/*Place Your Javascript Below This Line*\/\nvar ESSubmit = 'Enviar';\nif ($('NextButton').nodeName == 'INPUT')\n{\n$('NextButton').setValue(ESSubmit);\n}\nelse if ($('NextButtonText').nodeName == 'SPAN')\n{\n$('NextButtonText').innerHTML = ESSubmit;\n}\nelse \/\/ next button is probably a button\n{\n$('NextButton').innerHTML = ESSubmit;\n}\n});","DefaultChoices":false,"DataExportTag":"endmsgES","QuestionType":"DB","Selector":"TB","Configuration":{"QuestionDescriptionOption":"UseText"},"QuestionDescription":"Thank you for taking the YouthTruth Survey!\n\n \u00a0\n\n Please click Submit.","ChoiceOrder":[],"Validation":{"Settings":{"Type":"None"}},"GradingData":[],"Language":{"ES":{"QuestionText":"<div style=\"text-align: center;\"><strong>Thank you for taking the YouthTruth Survey!<\/strong><\/div>\n\n<div>&nbsp;<\/div>\n\n<div style=\"text-align: center;\"><strong>Please click Submit.<\/strong><\/div>"}},"QuestionID":"QID466","DisplayLogic":{"0":{"0":{"LogicType":"EmbeddedField","LeftOperand":"SurveyLanguage","Operator":"EqualTo","RightOperand":"ES","_HiddenExpression":false,"Type":"Expression","Description":"<span class=\"ConjDesc\">If<\/span> <span class=\"QuestionDesc\"><\/span> <span class=\"LeftOpDesc\">SurveyLanguage<\/span> Is <span class=\"OpDesc\">Equal to<\/span> <span class=\"RightOpDesc\"> ES <\/span>"},"Type":"If"},"Type":"BooleanExpression","inPage":false}}},{"SurveyID":"SV_e3BQHbh2TrgvRgV","Element":"SQ","PrimaryAttribute":"QID504","SecondaryAttribute":"The next questions have to do with how you feel about\n school and your classmates.","TertiaryAttribute":null,"Payload":{"QuestionText":"<div style=\"text-align: center;\"><strong>The next questions have to do with how you feel about school and your classmates.<\/strong><\/div>","DefaultChoices":false,"QuestionType":"DB","Selector":"TB","Configuration":{"QuestionDescriptionOption":"UseText"},"QuestionDescription":"The next questions have to do with how you feel about\n school and your classmates.","ChoiceOrder":[],"Validation":{"Settings":{"Type":"None"}},"GradingData":[],"Language":{"ES":{"QuestionText":"<div><span style=\"font-size:22px;\"><span style=\"font-family:arial,helvetica,sans-serif;\"><span lang=\"ES-DO\" style=\"line-height: 107%;\">Las siguientes preguntas tienen que ver con c&oacute;mo te sientes sobre tus compa&ntilde;eros de clase y tu escuela.<\/span><\/span><\/span><\/div>"}},"QuestionText_Unsafe":"<div style=\"text-align: center;\"><strong>The next questions have to do with how you feel about school and your classmates.<\/strong><\/div>","DataExportTag":"Q504","QuestionID":"QID504"}},{"SurveyID":"SV_e3BQHbh2TrgvRgV","Element":"SQ","PrimaryAttribute":"QID499","SecondaryAttribute":"The next questions have to do with your experiences\n learning about math, science, technology, and\n ","TertiaryAttribute":null,"Payload":{"QuestionText":"<div style=\"text-align: center;\"><strong>The next questions have to do with your experiences learning about math, science, technology, and engineering.<\/strong><\/div>","DefaultChoices":false,"QuestionType":"DB","Selector":"TB","Configuration":{"QuestionDescriptionOption":"UseText"},"QuestionDescription":"The next questions have to do with your experiences\n learning about math, science, technology, and\n engineering.","ChoiceOrder":[],"Validation":{"Settings":{"Type":"None"}},"GradingData":[],"Language":{"ES":{"QuestionText":"<div><span style=\"font-family:arial,helvetica,sans-serif;\"><span style=\"font-size:22px;\"><span lang=\"ES-DO\" style=\"line-height: 107%;\">Las siguientes preguntas tienen que ver con tus experiencias aprendiendo matem&aacute;ticas, ciencias, tecnolog&iacute;a e ingenier&iacute;a.&nbsp;<\/span><\/span><\/span><\/div>"}},"QuestionText_Unsafe":"<div style=\"text-align: center;\"><strong>The next questions have to do with your experiences learning about math, science, technology, and engineering.<\/strong><\/div>","DataExportTag":"Q499","QuestionID":"QID499"}},{"SurveyID":"SV_e3BQHbh2TrgvRgV","Element":"SQ","PrimaryAttribute":"QID491","SecondaryAttribute":"These are the last questions we will ask you\n about\u00a0${lm:\/\/Field\/2} in\u00a0${lm:\/\/Field\/3}.","TertiaryAttribute":null,"Payload":{"QuestionText":"<div style=\"text-align: center;\"><strong>These are the last questions we will ask you about&nbsp;${lm:\/\/Field\/2} in&nbsp;${lm:\/\/Field\/3}.<\/strong><\/div>","DefaultChoices":false,"DataExportTag":"e_tm_end","QuestionType":"DB","Selector":"TB","Configuration":{"QuestionDescriptionOption":"UseText"},"QuestionDescription":"These are the last questions we will ask you\n about\u00a0${lm:\/\/Field\/2} in\u00a0${lm:\/\/Field\/3}.","ChoiceOrder":[],"Validation":{"Settings":{"Type":"None"}},"GradingData":[],"Language":{"ES":{"QuestionText":"<p style=\"text-align: center;\"><strong>These are the last questions we will ask you about&nbsp;${lm:\/\/Field\/2} in&nbsp;${lm:\/\/Field\/3}.<\/strong><\/p>"}},"QuestionID":"QID491"}},{"SurveyID":"SV_e3BQHbh2TrgvRgV","Element":"SQ","PrimaryAttribute":"QID494","SecondaryAttribute":"These questions ask about projects you do in class and\n what you think of them.","TertiaryAttribute":null,"Payload":{"QuestionText":"<div style=\"text-align: center;\"><strong>These questions ask about projects you do in class and what you think of them.<\/strong><\/div>","DefaultChoices":false,"QuestionType":"DB","Selector":"TB","Configuration":{"QuestionDescriptionOption":"UseText"},"QuestionDescription":"These questions ask about projects you do in class and\n what you think of them.","ChoiceOrder":[],"Validation":{"Settings":{"Type":"None"}},"GradingData":[],"Language":{"ES":{"QuestionText":"<div><span lang=\"ES-DO\" style=\"font-size:11.0pt;line-height:\n107%;font-family:&quot;Calibri&quot;,&quot;sans-serif&quot;;mso-ascii-theme-font:minor-latin;\nmso-fareast-font-family:Calibri;mso-fareast-theme-font:minor-latin;mso-hansi-theme-font:\nminor-latin;mso-bidi-font-family:&quot;Times New Roman&quot;;mso-bidi-theme-font:minor-bidi;\nmso-ansi-language:ES-DO;mso-fareast-language:EN-US;mso-bidi-language:AR-SA\">Estas\npreguntas se refieren a proyectos que haces en clase y lo que piensas de esos\nproyectos.<\/span><\/div>"}},"QuestionText_Unsafe":"<div style=\"text-align: center;\"><strong>These questions ask about projects you do in class and what you think of them.<\/strong><\/div>","DataExportTag":"Q494","QuestionID":"QID494"}},{"SurveyID":"SV_e3BQHbh2TrgvRgV","Element":"SQ","PrimaryAttribute":"QID402","SecondaryAttribute":"Timing","TertiaryAttribute":null,"Payload":{"QuestionText":"Timing","DefaultChoices":false,"DataExportTag":"e_time1","QuestionType":"Timing","Selector":"PageTimer","Configuration":{"QuestionDescriptionOption":"UseText","MinSeconds":"0","MaxSeconds":"0"},"QuestionDescription":"Timing","Choices":{"1":{"Display":"First Click"},"2":{"Display":"Last Click"},"3":{"Display":"Page Submit"},"4":{"Display":"Click Count"}},"GradingData":[],"Language":[],"QuestionID":"QID402"}},{"SurveyID":"SV_e3BQHbh2TrgvRgV","Element":"SQ","PrimaryAttribute":"QID420","SecondaryAttribute":"Timing","TertiaryAttribute":null,"Payload":{"QuestionText":"Timing","DefaultChoices":false,"DataExportTag":"e_time2","QuestionType":"Timing","Selector":"PageTimer","Configuration":{"QuestionDescriptionOption":"UseText","MinSeconds":"0","MaxSeconds":"0"},"QuestionDescription":"Timing","Choices":{"1":{"Display":"First Click"},"2":{"Display":"Last Click"},"3":{"Display":"Page Submit"},"4":{"Display":"Click Count"}},"GradingData":[],"Language":[],"QuestionID":"QID420"}},{"SurveyID":"SV_e3BQHbh2TrgvRgV","Element":"SQ","PrimaryAttribute":"QID421","SecondaryAttribute":"Timing","TertiaryAttribute":null,"Payload":{"QuestionText":"Timing","DefaultChoices":false,"DataExportTag":"e_time3","QuestionType":"Timing","Selector":"PageTimer","Configuration":{"QuestionDescriptionOption":"UseText","MinSeconds":"0","MaxSeconds":"0"},"QuestionDescription":"Timing","Choices":{"1":{"Display":"First Click"},"2":{"Display":"Last Click"},"3":{"Display":"Page Submit"},"4":{"Display":"Click Count"}},"GradingData":[],"Language":[],"QuestionID":"QID421"}},{"SurveyID":"SV_e3BQHbh2TrgvRgV","Element":"SQ","PrimaryAttribute":"QID422","SecondaryAttribute":"Timing","TertiaryAttribute":null,"Payload":{"QuestionText":"Timing","DefaultChoices":false,"DataExportTag":"e_time4","QuestionType":"Timing","Selector":"PageTimer","Configuration":{"QuestionDescriptionOption":"UseText","MinSeconds":"0","MaxSeconds":"0"},"QuestionDescription":"Timing","Choices":{"1":{"Display":"First Click"},"2":{"Display":"Last Click"},"3":{"Display":"Page Submit"},"4":{"Display":"Click Count"}},"GradingData":[],"Language":[],"QuestionID":"QID422"}},{"SurveyID":"SV_e3BQHbh2TrgvRgV","Element":"SQ","PrimaryAttribute":"QID423","SecondaryAttribute":"Timing","TertiaryAttribute":null,"Payload":{"QuestionText":"Timing","DefaultChoices":false,"DataExportTag":"e_time5","QuestionType":"Timing","Selector":"PageTimer","Configuration":{"QuestionDescriptionOption":"UseText","MinSeconds":"0","MaxSeconds":"0"},"QuestionDescription":"Timing","Choices":{"1":{"Display":"First Click"},"2":{"Display":"Last Click"},"3":{"Display":"Page Submit"},"4":{"Display":"Click Count"}},"GradingData":[],"Language":[],"QuestionID":"QID423"}},{"SurveyID":"SV_e3BQHbh2TrgvRgV","Element":"SQ","PrimaryAttribute":"QID424","SecondaryAttribute":"Timing","TertiaryAttribute":null,"Payload":{"QuestionText":"Timing","DefaultChoices":false,"DataExportTag":"e_time7","QuestionType":"Timing","Selector":"PageTimer","Configuration":{"QuestionDescriptionOption":"UseText","MinSeconds":"0","MaxSeconds":"0"},"QuestionDescription":"Timing","Choices":{"1":{"Display":"First Click"},"2":{"Display":"Last Click"},"3":{"Display":"Page Submit"},"4":{"Display":"Click Count"}},"GradingData":[],"Language":[],"QuestionID":"QID424"}},{"SurveyID":"SV_e3BQHbh2TrgvRgV","Element":"SQ","PrimaryAttribute":"QID468","SecondaryAttribute":"Timing","TertiaryAttribute":null,"Payload":{"QuestionText":"Timing","DefaultChoices":false,"DataExportTag":"e_time14","QuestionType":"Timing","Selector":"PageTimer","Configuration":{"QuestionDescriptionOption":"UseText","MinSeconds":"0","MaxSeconds":"0"},"QuestionDescription":"Timing","Choices":{"1":{"Display":"First Click"},"2":{"Display":"Last Click"},"3":{"Display":"Page Submit"},"4":{"Display":"Click Count"}},"GradingData":[],"Language":[],"QuestionID":"QID468"}},{"SurveyID":"SV_e3BQHbh2TrgvRgV","Element":"SQ","PrimaryAttribute":"QID473","SecondaryAttribute":"Timing","TertiaryAttribute":null,"Payload":{"QuestionText":"Timing","DefaultChoices":false,"DataExportTag":"e_time6","QuestionType":"Timing","Selector":"PageTimer","Configuration":{"QuestionDescriptionOption":"UseText","MinSeconds":"0","MaxSeconds":"0"},"QuestionDescription":"Timing","Choices":{"1":{"Display":"First Click"},"2":{"Display":"Last Click"},"3":{"Display":"Page Submit"},"4":{"Display":"Click Count"}},"GradingData":[],"Language":[],"QuestionID":"QID473"}},{"SurveyID":"SV_e3BQHbh2TrgvRgV","Element":"SQ","PrimaryAttribute":"QID265","SecondaryAttribute":"ts_nodk","TertiaryAttribute":null,"Payload":{"QuestionText":"Please explain why you did not say that you had ${lm:\/\/Field\/2} in&nbsp;${lm:\/\/Field\/3}&nbsp;this&nbsp;year.","DefaultChoices":false,"DataExportTag":"e_tm_nodk","QuestionType":"TE","Selector":"SL","Configuration":{"QuestionDescriptionOption":"SpecifyLabel"},"QuestionDescription":"ts_nodk","Choices":{"1":{"Display":"Click to write Choice 1"},"2":{"Display":"Click to write Choice 2"},"3":{"Display":"Click to write Choice 3"}},"ChoiceOrder":["1","2","3"],"Validation":{"Settings":{"ForceResponse":"OFF","ForceResponseType":"ON","Type":"TotalChar","TotalChars":"26000"}},"GradingData":[],"Language":{"ES":{"QuestionText":"<div>Please explain why you did not say that you had ${lm:\/\/Field\/2}&nbsp;in&nbsp;${lm:\/\/Field\/3}&nbsp;this&nbsp;year.<\/div>"}},"QuestionID":"QID265"}},{"SurveyID":"SV_e3BQHbh2TrgvRgV","Element":"SQ","PrimaryAttribute":"QID266","SecondaryAttribute":"ts_verify","TertiaryAttribute":null,"Payload":{"QuestionText":"Please tell us whether you have had the\nfollowing teacher(s) this year.","DefaultChoices":false,"DataExportTag":"etm_verify","QuestionType":"Matrix","Selector":"Likert","SubSelector":"SingleAnswer","Configuration":{"QuestionDescriptionOption":"SpecifyLabel","TextPosition":"inline","ChoiceColumnWidthPixels":426,"RepeatHeaders":"none","WhiteSpace":"OFF"},"QuestionDescription":"ts_verify","Choices":{"1":{"Display":"${e:\/\/Field\/teacherfirst1} ${e:\/\/Field\/teacherlast1} in ${e:\/\/Field\/courename1}"},"2":{"Display":"${e:\/\/Field\/teacherfirst2} ${e:\/\/Field\/teacherlast2} in ${e:\/\/Field\/courename2}"},"3":{"Display":"${e:\/\/Field\/teacherfirst3} ${e:\/\/Field\/teacherlast3} in ${e:\/\/Field\/courename3}"},"4":{"Display":"${e:\/\/Field\/teacherfirst4} ${e:\/\/Field\/teacherlast4} in ${e:\/\/Field\/courename4}"},"5":{"Display":"${e:\/\/Field\/teacherfirst5} ${e:\/\/Field\/teacherlast5} in ${e:\/\/Field\/courename5}"},"6":{"Display":"${e:\/\/Field\/teacherfirst6} ${e:\/\/Field\/teacherlast6} in ${e:\/\/Field\/courename6}"},"7":{"Display":"${e:\/\/Field\/teacherfirst7} ${e:\/\/Field\/teacherlast7} in ${e:\/\/Field\/courename7}"},"8":{"Display":"${e:\/\/Field\/teacherfirst8} ${e:\/\/Field\/teacherlast8} in ${e:\/\/Field\/courename8}"},"9":{"Display":"${e:\/\/Field\/teacherfirst9} ${e:\/\/Field\/teacherlast9} in ${e:\/\/Field\/courename9}"},"10":{"Display":"${e:\/\/Field\/teacherfirst10} ${e:\/\/Field\/teacherlast10} in ${e:\/\/Field\/courename10}"}},"ChoiceOrder":[1,2,3,4,5,6,7,8,9,10],"Randomization":{"Advanced":null,"Type":"All","TotalRandSubset":""},"Validation":{"Settings":{"ForceResponse":"ON","ForceResponseType":"ON","Type":"None"}},"RecodeValues":{"1":1,"2":"0","3":"88"},"GradingData":[],"AnalyzeChoices":{"3":"No"},"Language":{"ES":{"QuestionText":"Please tell us whether you have had the following teacher(s) this year.","Choices":{"1":{"Display":"${e:\/\/Field\/teacherfirst1} ${e:\/\/Field\/teacherlast1} in ${e:\/\/Field\/courename1}"},"2":{"Display":"${e:\/\/Field\/teacherfirst2} ${e:\/\/Field\/teacherlast2} in ${e:\/\/Field\/courename2}"},"3":{"Display":"${e:\/\/Field\/teacherfirst3} ${e:\/\/Field\/teacherlast3} in ${e:\/\/Field\/courename3}"},"4":{"Display":"${e:\/\/Field\/teacherfirst4} ${e:\/\/Field\/teacherlast4} in ${e:\/\/Field\/courename4}"},"5":{"Display":"${e:\/\/Field\/teacherfirst5} ${e:\/\/Field\/teacherlast5} in ${e:\/\/Field\/courename5}"},"6":{"Display":"${e:\/\/Field\/teacherfirst6} ${e:\/\/Field\/teacherlast6} in ${e:\/\/Field\/courename6}"},"7":{"Display":"${e:\/\/Field\/teacherfirst7} ${e:\/\/Field\/teacherlast7} in ${e:\/\/Field\/courename7}"},"8":{"Display":"${e:\/\/Field\/teacherfirst8} ${e:\/\/Field\/teacherlast8} in ${e:\/\/Field\/courename8}"},"9":{"Display":"${e:\/\/Field\/teacherfirst9} ${e:\/\/Field\/teacherlast9} in ${e:\/\/Field\/courename9}"},"10":{"Display":"${e:\/\/Field\/teacherfirst10} ${e:\/\/Field\/teacherlast10} in ${e:\/\/Field\/courename10}"}},"Answers":{"1":{"Display":"Yes"},"2":{"Display":"No"},"3":{"Display":"I don't know"}}}},"Answers":{"1":{"Display":"Yes"},"2":{"Display":"No"},"3":{"Display":"I don't know"}},"AnswerOrder":[1,2,3],"ChoiceDataExportTags":{"1":"e_ts_verify_1","2":"e_ts_verify_2","3":"e_ts_verify_3","4":"e_ts_verify_4","5":"e_ts_verify_5","6":"e_ts_verify_6","7":"e_ts_verify_7","8":"e_ts_verify_8","9":"e_ts_verify_9","10":"e_ts_verify_10"},"QuestionID":"QID266"}},{"SurveyID":"SV_e3BQHbh2TrgvRgV","Element":"SQ","PrimaryAttribute":"QID492","SecondaryAttribute":"ts_verify","TertiaryAttribute":null,"Payload":{"QuestionText":"Please tell us whether you have had the following classes and teachers this year.","DefaultChoices":false,"DataExportTag":"etm_verify","QuestionType":"Matrix","Selector":"Likert","SubSelector":"SingleAnswer","Configuration":{"QuestionDescriptionOption":"SpecifyLabel","TextPosition":"inline","ChoiceColumnWidthPixels":426,"RepeatHeaders":"none","WhiteSpace":"OFF"},"QuestionDescription":"ts_verify","Choices":{"1":{"Display":"${e:\/\/Field\/coursename1} with ${e:\/\/Field\/teacherfirst1} ${e:\/\/Field\/teacherlast1}","DisplayLogic":{"0":{"0":{"LogicType":"EmbeddedField","LeftOperand":"coursename1","Operator":"NotEmpty","_HiddenExpression":false,"Type":"Expression","Description":"<span class=\"ConjDesc\">If<\/span> <span class=\"QuestionDesc\"><\/span> <span class=\"LeftOpDesc\">coursename1<\/span> Is <span class=\"OpDesc\">Not Empty<\/span> "},"Type":"If"},"Type":"BooleanExpression","inPage":false}},"2":{"Display":"${e:\/\/Field\/coursename2} with ${e:\/\/Field\/teacherfirst2} ${e:\/\/Field\/teacherlast2}","DisplayLogic":{"0":{"0":{"LogicType":"EmbeddedField","LeftOperand":"coursename2","Operator":"NotEmpty","_HiddenExpression":false,"Type":"Expression","Description":"<span class=\"ConjDesc\">If<\/span> <span class=\"QuestionDesc\"><\/span> <span class=\"LeftOpDesc\">coursename2<\/span> Is <span class=\"OpDesc\">Not Empty<\/span> "},"Type":"If"},"Type":"BooleanExpression","inPage":false}},"3":{"Display":"${e:\/\/Field\/coursename3} with ${e:\/\/Field\/teacherfirst3} ${e:\/\/Field\/teacherlast3}","DisplayLogic":{"0":{"0":{"LogicType":"EmbeddedField","LeftOperand":"coursename3","Operator":"NotEmpty","_HiddenExpression":false,"Type":"Expression","Description":"<span class=\"ConjDesc\">If<\/span> <span class=\"QuestionDesc\"><\/span> <span class=\"LeftOpDesc\">coursename3<\/span> Is <span class=\"OpDesc\">Not Empty<\/span> "},"Type":"If"},"Type":"BooleanExpression","inPage":false}},"4":{"Display":"${e:\/\/Field\/coursename4} with ${e:\/\/Field\/teacherfirst4} ${e:\/\/Field\/teacherlast4}","DisplayLogic":{"0":{"0":{"LogicType":"EmbeddedField","LeftOperand":"coursename4","Operator":"NotEmpty","_HiddenExpression":false,"Type":"Expression","Description":"<span class=\"ConjDesc\">If<\/span> <span class=\"QuestionDesc\"><\/span> <span class=\"LeftOpDesc\">coursename4<\/span> Is <span class=\"OpDesc\">Not Empty<\/span> "},"Type":"If"},"Type":"BooleanExpression","inPage":false}},"5":{"Display":"${e:\/\/Field\/coursename5} with ${e:\/\/Field\/teacherfirst5} ${e:\/\/Field\/teacherlast5}","DisplayLogic":{"0":{"0":{"LogicType":"EmbeddedField","LeftOperand":"coursename5","Operator":"NotEmpty","_HiddenExpression":false,"Type":"Expression","Description":"<span class=\"ConjDesc\">If<\/span> <span class=\"QuestionDesc\"><\/span> <span class=\"LeftOpDesc\">coursename5<\/span> Is <span class=\"OpDesc\">Not Empty<\/span> "},"Type":"If"},"Type":"BooleanExpression","inPage":false}},"6":{"Display":"${e:\/\/Field\/coursename6} with ${e:\/\/Field\/teacherfirst6} ${e:\/\/Field\/teacherlast6}","DisplayLogic":{"0":{"0":{"LogicType":"EmbeddedField","LeftOperand":"coursename6","Operator":"NotEmpty","_HiddenExpression":false,"Type":"Expression","Description":"<span class=\"ConjDesc\">If<\/span> <span class=\"QuestionDesc\"><\/span> <span class=\"LeftOpDesc\">coursename6<\/span> Is <span class=\"OpDesc\">Not Empty<\/span> "},"Type":"If"},"Type":"BooleanExpression","inPage":false}},"7":{"Display":"${e:\/\/Field\/coursename7} with ${e:\/\/Field\/teacherfirst7} ${e:\/\/Field\/teacherlast7}","DisplayLogic":{"0":{"0":{"LogicType":"EmbeddedField","LeftOperand":"coursename7","Operator":"NotEmpty","_HiddenExpression":false,"Type":"Expression","Description":"<span class=\"ConjDesc\">If<\/span> <span class=\"QuestionDesc\"><\/span> <span class=\"LeftOpDesc\">coursename7<\/span> Is <span class=\"OpDesc\">Not Empty<\/span> "},"Type":"If"},"Type":"BooleanExpression","inPage":false}},"8":{"Display":"${e:\/\/Field\/coursename8} with ${e:\/\/Field\/teacherfirst8} ${e:\/\/Field\/teacherlast8}","DisplayLogic":{"0":{"0":{"LogicType":"EmbeddedField","LeftOperand":"coursename8","Operator":"NotEmpty","_HiddenExpression":false,"Type":"Expression","Description":"<span class=\"ConjDesc\">If<\/span> <span class=\"QuestionDesc\"><\/span> <span class=\"LeftOpDesc\">coursename8<\/span> Is <span class=\"OpDesc\">Not Empty<\/span> "},"Type":"If"},"Type":"BooleanExpression","inPage":false}},"9":{"Display":"${e:\/\/Field\/coursename9} with ${e:\/\/Field\/teacherfirst9} ${e:\/\/Field\/teacherlast9}","DisplayLogic":{"0":{"0":{"LogicType":"EmbeddedField","LeftOperand":"coursename9","Operator":"NotEmpty","_HiddenExpression":false,"Type":"Expression","Description":"<span class=\"ConjDesc\">If<\/span> <span class=\"QuestionDesc\"><\/span> <span class=\"LeftOpDesc\">coursename9<\/span> Is <span class=\"OpDesc\">Not Empty<\/span> "},"Type":"If"},"Type":"BooleanExpression","inPage":false}},"10":{"Display":"${e:\/\/Field\/coursename10} with ${e:\/\/Field\/teacherfirst10} ${e:\/\/Field\/teacherlast10}","DisplayLogic":{"0":{"0":{"LogicType":"EmbeddedField","LeftOperand":"coursename10","Operator":"NotEmpty","_HiddenExpression":false,"Type":"Expression","Description":"<span class=\"ConjDesc\">If<\/span> <span class=\"QuestionDesc\"><\/span> <span class=\"LeftOpDesc\">coursename10<\/span> Is <span class=\"OpDesc\">Not Empty<\/span> "},"Type":"If"},"Type":"BooleanExpression","inPage":false}}},"ChoiceOrder":[1,2,3,4,5,6,7,8,9,10],"Randomization":{"Advanced":null,"Type":"All","TotalRandSubset":""},"Validation":{"Settings":{"ForceResponse":"ON","ForceResponseType":"ON","Type":"None"}},"RecodeValues":{"1":1,"2":"0","3":"88"},"GradingData":[],"AnalyzeChoices":{"3":"No"},"Language":{"ES":{"QuestionText":"Please indicate whether you have had the following classes and teachers this year.","Choices":{"1":{"Display":"${e:\/\/Field\/coursename1} with ${e:\/\/Field\/teacherfirst1} ${e:\/\/Field\/teacherlast1}"},"2":{"Display":"${e:\/\/Field\/coursename2} with ${e:\/\/Field\/teacherfirst2} ${e:\/\/Field\/teacherlast2}"},"3":{"Display":"${e:\/\/Field\/coursename3} with ${e:\/\/Field\/teacherfirst3} ${e:\/\/Field\/teacherlast3}"},"4":{"Display":"${e:\/\/Field\/coursename4} with ${e:\/\/Field\/teacherfirst4} ${e:\/\/Field\/teacherlast4}"},"5":{"Display":"${e:\/\/Field\/coursename5} with ${e:\/\/Field\/teacherfirst5} ${e:\/\/Field\/teacherlast5}"},"6":{"Display":"${e:\/\/Field\/coursename6} with ${e:\/\/Field\/teacherfirst6} ${e:\/\/Field\/teacherlast6}"},"7":{"Display":"${e:\/\/Field\/coursename7} with ${e:\/\/Field\/teacherfirst7} ${e:\/\/Field\/teacherlast7}"},"8":{"Display":"${e:\/\/Field\/coursename8} with ${e:\/\/Field\/teacherfirst8} ${e:\/\/Field\/teacherlast8}"},"9":{"Display":"${e:\/\/Field\/coursename9} with ${e:\/\/Field\/teacherfirst9} ${e:\/\/Field\/teacherlast9}"},"10":{"Display":"${e:\/\/Field\/coursename10} with ${e:\/\/Field\/teacherfirst10} ${e:\/\/Field\/teacherlast10}"}},"Answers":{"1":{"Display":"Yes"},"2":{"Display":"No"},"3":{"Display":"I don't know"}}}},"Answers":{"1":{"Display":"Yes"},"2":{"Display":"No"},"3":{"Display":"I don't know"}},"AnswerOrder":[1,2,3],"ChoiceDataExportTags":{"1":"ts_verify_1","2":"ts_verify_2","3":"ts_verify_3","4":"ts_verify_4","5":"tm_verify_5","6":"tm_verify_6","7":"tm_verify_7","8":"tm_verify_8","9":"tm_verify_9","10":"tm_verify_10"},"QuestionID":"QID492"}},{"SurveyID":"SV_e3BQHbh2TrgvRgV","Element":"SQ","PrimaryAttribute":"QID478","SecondaryAttribute":"We do not knowingly collect personal information from children responding to the survey and actively","TertiaryAttribute":null,"Payload":{"QuestionText":"<div style=\"text-align: center;\"><span style=\"font-size:11px;\">We do not knowingly collect personal information from children responding to the survey and actively discourage children from disclosing this type of information.<\/span><\/div>","DefaultChoices":false,"DataExportTag":"disclaimer","QuestionType":"DB","Selector":"TB","Configuration":{"QuestionDescriptionOption":"UseText"},"QuestionDescription":"We do not knowingly collect personal information from children responding to the survey and actively...","ChoiceOrder":[],"Validation":{"Settings":{"Type":"None"}},"GradingData":[],"Language":{"ES":{"QuestionText":"<div style=\"text-align: center;\"><span style=\"font-size:11px;\">We do not knowingly collect personal information from children responding to the survey and actively discourage children from disclosing this type of information.<\/span><\/div>"}},"QuestionID":"QID478"}},{"SurveyID":"SV_e3BQHbh2TrgvRgV","Element":"SQ","PrimaryAttribute":"QID498","SecondaryAttribute":"You are about to start the next section of the\n survey.\u00a0You can't change your answers to\n this part","TertiaryAttribute":null,"Payload":{"QuestionText":"<p style=\"text-align: center; \">\n\t<strong>You are about to start the next section of the survey.<\/strong><strong>&nbsp;You can't change your answers to this part of the survey after clicking \"next.\"<\/strong><\/p>","DefaultChoices":false,"QuestionType":"DB","Selector":"TB","Configuration":{"QuestionDescriptionOption":"UseText"},"QuestionDescription":"You are about to start the next section of the\n survey.\u00a0You can't change your answers to\n this part of the survey after clicking \"next.\"","ChoiceOrder":[],"Validation":{"Settings":{"Type":"None"}},"GradingData":[],"Language":{"ES":{"QuestionText":"<p style=\"text-align: center;\"><strong>You are about to start the next section of the survey.<\/strong><strong>&nbsp;You can&#39;t change your answers to this part of the survey after clicking &quot;next.&quot;<\/strong><\/p>"}},"QuestionText_Unsafe":"<p style=\"text-align: center; \">\n\t<strong>You are about to start the next section of the survey.<\/strong><strong>&nbsp;You can't change your answers to this part of the survey after clicking \"next.\"<\/strong><\/p>","DataExportTag":"Q498","QuestionID":"QID498"}},{"SurveyID":"SV_e3BQHbh2TrgvRgV","Element":"SQ","PrimaryAttribute":"QID503","SecondaryAttribute":"You are about to start the next section of the\n survey.\u00a0You can't change your answers to\n this part","TertiaryAttribute":null,"Payload":{"QuestionText":"<p style=\"text-align: center; \">\n\t<strong>You are about to start the next section of the survey.<\/strong><strong>&nbsp;You can't change your answers to this part of the survey after clicking \"next.\"<\/strong><\/p>","DefaultChoices":false,"QuestionType":"DB","Selector":"TB","Configuration":{"QuestionDescriptionOption":"UseText"},"QuestionDescription":"You are about to start the next section of the\n survey.\u00a0You can't change your answers to\n this part of the survey after clicking \"next.\"","ChoiceOrder":[],"Validation":{"Settings":{"Type":"None"}},"GradingData":[],"Language":{"ES":{"QuestionText":"<p style=\"text-align: center;\"><strong>You are about to start the next section of the survey.<\/strong><strong>&nbsp;You can&#39;t change your answers to this part of the survey after clicking &quot;next.&quot;<\/strong><\/p>"}},"QuestionText_Unsafe":"<p style=\"text-align: center; \">\n\t<strong>You are about to start the next section of the survey.<\/strong><strong>&nbsp;You can't change your answers to this part of the survey after clicking \"next.\"<\/strong><\/p>","DataExportTag":"Q503","QuestionID":"QID503"}},{"SurveyID":"SV_e3BQHbh2TrgvRgV","Element":"SQ","PrimaryAttribute":"QID509","SecondaryAttribute":"You are about to start the next section of the\n survey.\u00a0You can't change your answers to\n this part","TertiaryAttribute":null,"Payload":{"QuestionText":"<p style=\"text-align: center; \">\n\t<strong>You are about to start the next section of the survey.<\/strong><strong>&nbsp;You can't change your answers to this part of the survey after clicking \"next.\"<\/strong><\/p>","DefaultChoices":false,"QuestionType":"DB","Selector":"TB","Configuration":{"QuestionDescriptionOption":"UseText"},"QuestionDescription":"You are about to start the next section of the\n survey.\u00a0You can't change your answers to\n this part of the survey after clicking \"next.\"","ChoiceOrder":[],"Validation":{"Settings":{"Type":"None"}},"GradingData":[],"Language":{"ES":{"QuestionText":"<p><strong>You are about to start the next section of the survey.<\/strong><strong>&nbsp;You can't change your answers to this part of the survey after clicking \"next.\"<\/strong><\/p>"}},"QuestionText_Unsafe":"<p style=\"text-align: center; \">\n\t<strong>You are about to start the next section of the survey.<\/strong><strong>&nbsp;You can't change your answers to this part of the survey after clicking \"next.\"<\/strong><\/p>","DataExportTag":"Q509","QuestionID":"QID509"}},{"SurveyID":"SV_e3BQHbh2TrgvRgV","Element":"SQ","PrimaryAttribute":"QID399","SecondaryAttribute":"Your school wants to know what you think about your school and\n teachers. You can help make your sch","TertiaryAttribute":null,"Payload":{"QuestionText":"<p style=\"text-align: center;\">Your school wants to know what you think about your school and teachers. You can help make your school better!<br>\n<br>Questions in this survey ask you to put your answers on a scale from \u201c1\u201d to \u201c5.\u201d The scales will always tell you what each number means in words. There are no right or wrong answers.<br>\n<br>\nWe will keep your answers secret. We will not ask you for anything that could only describe you.<br>\n<br>\n<em>Let\u2019s get started!<\/em><\/p>","DefaultChoices":false,"DataExportTag":"intro","QuestionType":"DB","Selector":"TB","Configuration":{"QuestionDescriptionOption":"UseText"},"QuestionDescription":"Your school wants to know what you think about your school and\n teachers. You can help make your school better!\n Questions in this survey ask you to put your answers on a scale\n from \u201c1\u201d to \u201c5.\u201d Th...","ChoiceOrder":[],"Validation":{"Settings":{"Type":"None"}},"GradingData":[],"Language":{"ES":{"QuestionText":"<p style=\"text-align: center;\">Your school wants to know what you think about your school and teachers. You can help make your school better!<\/p>\n\n<p>&nbsp;<\/p>\n\n<p style=\"text-align: center;\">Questions in this survey ask you to put your answers on a scale from &ldquo;1&rdquo; to &ldquo;5.&rdquo; The scales will always tell you what each number means in words. There are no right or wrong answers.<br \/>\n<br \/>\nWe will keep your answers secret. We will not ask you for anything that could only describe you.<br \/>\n<br \/>\n<em>Let&rsquo;s get started!<\/em><\/p>"}},"QuestionID":"QID399"}}]}